// !$*UTF8*$!
{
	archiveVersion = 1;
	classes = {
	};
	objectVersion = 46;
	objects = {

/* Begin PBXBuildFile section */
		6CF866391F03FB9A0009D0F2 /* main.m in Sources */ = {isa = PBXBuildFile; fileRef = 6CF866381F03FB9A0009D0F2 /* main.m */; };
		6CF8663C1F03FB9A0009D0F2 /* AppDelegate.m in Sources */ = {isa = PBXBuildFile; fileRef = 6CF8663B1F03FB9A0009D0F2 /* AppDelegate.m */; };
		6CF866421F03FB9A0009D0F2 /* Main.storyboard in Resources */ = {isa = PBXBuildFile; fileRef = 6CF866401F03FB9A0009D0F2 /* Main.storyboard */; };
		6CF866441F03FB9A0009D0F2 /* Assets.xcassets in Resources */ = {isa = PBXBuildFile; fileRef = 6CF866431F03FB9A0009D0F2 /* Assets.xcassets */; };
		6CF866471F03FB9A0009D0F2 /* LaunchScreen.storyboard in Resources */ = {isa = PBXBuildFile; fileRef = 6CF866451F03FB9A0009D0F2 /* LaunchScreen.storyboard */; };
		6CF8664F1F0406F40009D0F2 /* GoogleService-Info.plist in Resources */ = {isa = PBXBuildFile; fileRef = 6CF8664E1F0406F40009D0F2 /* GoogleService-Info.plist */; };
		6CF866531F0409410009D0F2 /* SplashScreens.m in Sources */ = {isa = PBXBuildFile; fileRef = 6CF866521F0409410009D0F2 /* SplashScreens.m */; };
		6CF866561F040C480009D0F2 /* LoginActivity.m in Sources */ = {isa = PBXBuildFile; fileRef = 6CF866551F040C480009D0F2 /* LoginActivity.m */; };
		6CF866591F040C900009D0F2 /* MainActivity.m in Sources */ = {isa = PBXBuildFile; fileRef = 6CF866581F040C900009D0F2 /* MainActivity.m */; };
		6CF866661F0844A70009D0F2 /* ToastHelper.m in Sources */ = {isa = PBXBuildFile; fileRef = 6CF866631F0844A70009D0F2 /* ToastHelper.m */; };
		6CF866671F0844A70009D0F2 /* UIViewController+Alerts.m in Sources */ = {isa = PBXBuildFile; fileRef = 6CF866651F0844A70009D0F2 /* UIViewController+Alerts.m */; };
		A303AC4A7AB22EB5CE2D96A4 /* Pods_FretX.framework in Frameworks */ = {isa = PBXBuildFile; fileRef = B66BFFC696957BF9092A319B /* Pods_FretX.framework */; };
/* End PBXBuildFile section */

/* Begin PBXFileReference section */
		1FCB118BF1A237C60A87227E /* Pods-FretX.release.xcconfig */ = {isa = PBXFileReference; includeInIndex = 1; lastKnownFileType = text.xcconfig; name = "Pods-FretX.release.xcconfig"; path = "Pods/Target Support Files/Pods-FretX/Pods-FretX.release.xcconfig"; sourceTree = "<group>"; };
		6CF866341F03FB9A0009D0F2 /* FretX.app */ = {isa = PBXFileReference; explicitFileType = wrapper.application; includeInIndex = 0; path = FretX.app; sourceTree = BUILT_PRODUCTS_DIR; };
		6CF866381F03FB9A0009D0F2 /* main.m */ = {isa = PBXFileReference; lastKnownFileType = sourcecode.c.objc; path = main.m; sourceTree = "<group>"; };
		6CF8663A1F03FB9A0009D0F2 /* AppDelegate.h */ = {isa = PBXFileReference; lastKnownFileType = sourcecode.c.h; path = AppDelegate.h; sourceTree = "<group>"; };
		6CF8663B1F03FB9A0009D0F2 /* AppDelegate.m */ = {isa = PBXFileReference; lastKnownFileType = sourcecode.c.objc; path = AppDelegate.m; sourceTree = "<group>"; };
		6CF866411F03FB9A0009D0F2 /* Base */ = {isa = PBXFileReference; lastKnownFileType = file.storyboard; name = Base; path = Base.lproj/Main.storyboard; sourceTree = "<group>"; };
		6CF866431F03FB9A0009D0F2 /* Assets.xcassets */ = {isa = PBXFileReference; lastKnownFileType = folder.assetcatalog; path = Assets.xcassets; sourceTree = "<group>"; };
		6CF866461F03FB9A0009D0F2 /* Base */ = {isa = PBXFileReference; lastKnownFileType = file.storyboard; name = Base; path = Base.lproj/LaunchScreen.storyboard; sourceTree = "<group>"; };
		6CF866481F03FB9A0009D0F2 /* Info.plist */ = {isa = PBXFileReference; lastKnownFileType = text.plist.xml; path = Info.plist; sourceTree = "<group>"; };
		6CF8664E1F0406F40009D0F2 /* GoogleService-Info.plist */ = {isa = PBXFileReference; fileEncoding = 4; lastKnownFileType = text.plist.xml; path = "GoogleService-Info.plist"; sourceTree = "<group>"; };
		6CF866511F0409410009D0F2 /* SplashScreens.h */ = {isa = PBXFileReference; fileEncoding = 4; lastKnownFileType = sourcecode.c.h; name = SplashScreens.h; path = ViewControllers/SplashScreens.h; sourceTree = "<group>"; };
		6CF866521F0409410009D0F2 /* SplashScreens.m */ = {isa = PBXFileReference; fileEncoding = 4; lastKnownFileType = sourcecode.c.objc; name = SplashScreens.m; path = ViewControllers/SplashScreens.m; sourceTree = "<group>"; };
		6CF866541F040C480009D0F2 /* LoginActivity.h */ = {isa = PBXFileReference; fileEncoding = 4; lastKnownFileType = sourcecode.c.h; name = LoginActivity.h; path = ViewControllers/LoginActivity.h; sourceTree = "<group>"; };
		6CF866551F040C480009D0F2 /* LoginActivity.m */ = {isa = PBXFileReference; fileEncoding = 4; lastKnownFileType = sourcecode.c.objc; name = LoginActivity.m; path = ViewControllers/LoginActivity.m; sourceTree = "<group>"; };
		6CF866571F040C900009D0F2 /* MainActivity.h */ = {isa = PBXFileReference; fileEncoding = 4; lastKnownFileType = sourcecode.c.h; name = MainActivity.h; path = ViewControllers/MainActivity.h; sourceTree = "<group>"; };
		6CF866581F040C900009D0F2 /* MainActivity.m */ = {isa = PBXFileReference; fileEncoding = 4; lastKnownFileType = sourcecode.c.objc; name = MainActivity.m; path = ViewControllers/MainActivity.m; sourceTree = "<group>"; };
		6CF8665A1F041A800009D0F2 /* Roboto-Italic.ttf */ = {isa = PBXFileReference; lastKnownFileType = file; path = "Roboto-Italic.ttf"; sourceTree = "<group>"; };
		6CF8665B1F041A800009D0F2 /* Roboto-Medium.ttf */ = {isa = PBXFileReference; lastKnownFileType = file; path = "Roboto-Medium.ttf"; sourceTree = "<group>"; };
		6CF8665C1F041A800009D0F2 /* Roboto-Regular.ttf */ = {isa = PBXFileReference; lastKnownFileType = file; path = "Roboto-Regular.ttf"; sourceTree = "<group>"; };
		6CF866621F0844A70009D0F2 /* ToastHelper.h */ = {isa = PBXFileReference; fileEncoding = 4; lastKnownFileType = sourcecode.c.h; name = ToastHelper.h; path = CustomClasses/ToastHelper.h; sourceTree = "<group>"; };
		6CF866631F0844A70009D0F2 /* ToastHelper.m */ = {isa = PBXFileReference; fileEncoding = 4; lastKnownFileType = sourcecode.c.objc; name = ToastHelper.m; path = CustomClasses/ToastHelper.m; sourceTree = "<group>"; };
		6CF866641F0844A70009D0F2 /* UIViewController+Alerts.h */ = {isa = PBXFileReference; fileEncoding = 4; lastKnownFileType = sourcecode.c.h; name = "UIViewController+Alerts.h"; path = "CustomClasses/UIViewController+Alerts.h"; sourceTree = "<group>"; };
		6CF866651F0844A70009D0F2 /* UIViewController+Alerts.m */ = {isa = PBXFileReference; fileEncoding = 4; lastKnownFileType = sourcecode.c.objc; name = "UIViewController+Alerts.m"; path = "CustomClasses/UIViewController+Alerts.m"; sourceTree = "<group>"; };
		A07EFF8D4E297EA14CEEC437 /* Pods-FretX.debug.xcconfig */ = {isa = PBXFileReference; includeInIndex = 1; lastKnownFileType = text.xcconfig; name = "Pods-FretX.debug.xcconfig"; path = "Pods/Target Support Files/Pods-FretX/Pods-FretX.debug.xcconfig"; sourceTree = "<group>"; };
		B66BFFC696957BF9092A319B /* Pods_FretX.framework */ = {isa = PBXFileReference; explicitFileType = wrapper.framework; includeInIndex = 0; path = Pods_FretX.framework; sourceTree = BUILT_PRODUCTS_DIR; };
/* End PBXFileReference section */

/* Begin PBXFrameworksBuildPhase section */
		6CF866311F03FB9A0009D0F2 /* Frameworks */ = {
			isa = PBXFrameworksBuildPhase;
			buildActionMask = 2147483647;
			files = (
				A303AC4A7AB22EB5CE2D96A4 /* Pods_FretX.framework in Frameworks */,
			);
			runOnlyForDeploymentPostprocessing = 0;
		};
/* End PBXFrameworksBuildPhase section */

/* Begin PBXGroup section */
		6CF8662B1F03FB9A0009D0F2 = {
			isa = PBXGroup;
			children = (
				6CF866361F03FB9A0009D0F2 /* FretX */,
				6CF866351F03FB9A0009D0F2 /* Products */,
				E3F59A3D6055A594A1CD2A5A /* Pods */,
				F2D75B50121A368565C2EEA3 /* Frameworks */,
			);
			sourceTree = "<group>";
		};
		6CF866351F03FB9A0009D0F2 /* Products */ = {
			isa = PBXGroup;
			children = (
				6CF866341F03FB9A0009D0F2 /* FretX.app */,
			);
			name = Products;
			sourceTree = "<group>";
		};
		6CF866361F03FB9A0009D0F2 /* FretX */ = {
			isa = PBXGroup;
			children = (
				6CF8663A1F03FB9A0009D0F2 /* AppDelegate.h */,
				6CF8663B1F03FB9A0009D0F2 /* AppDelegate.m */,
				6CF8665E1F08441C0009D0F2 /* CustomClasses */,
				6CF866501F0408420009D0F2 /* ViewControllers */,
				6CF866371F03FB9A0009D0F2 /* Supporting Files */,
			);
			path = FretX;
			sourceTree = "<group>";
		};
		6CF866371F03FB9A0009D0F2 /* Supporting Files */ = {
			isa = PBXGroup;
			children = (
				6CF866431F03FB9A0009D0F2 /* Assets.xcassets */,
				6CF866401F03FB9A0009D0F2 /* Main.storyboard */,
				6CF866451F03FB9A0009D0F2 /* LaunchScreen.storyboard */,
				6CF866481F03FB9A0009D0F2 /* Info.plist */,
				6CF8664E1F0406F40009D0F2 /* GoogleService-Info.plist */,
				6CF866381F03FB9A0009D0F2 /* main.m */,
				6CF8665A1F041A800009D0F2 /* Roboto-Italic.ttf */,
				6CF8665B1F041A800009D0F2 /* Roboto-Medium.ttf */,
				6CF8665C1F041A800009D0F2 /* Roboto-Regular.ttf */,
			);
			name = "Supporting Files";
			sourceTree = "<group>";
		};
		6CF866501F0408420009D0F2 /* ViewControllers */ = {
			isa = PBXGroup;
			children = (
				6CF866511F0409410009D0F2 /* SplashScreens.h */,
				6CF866521F0409410009D0F2 /* SplashScreens.m */,
				6CF866541F040C480009D0F2 /* LoginActivity.h */,
				6CF866551F040C480009D0F2 /* LoginActivity.m */,
				6CF866571F040C900009D0F2 /* MainActivity.h */,
				6CF866581F040C900009D0F2 /* MainActivity.m */,
			);
			name = ViewControllers;
			sourceTree = "<group>";
		};
		6CF8665E1F08441C0009D0F2 /* CustomClasses */ = {
			isa = PBXGroup;
			children = (
				6CF866621F0844A70009D0F2 /* ToastHelper.h */,
				6CF866631F0844A70009D0F2 /* ToastHelper.m */,
				6CF866641F0844A70009D0F2 /* UIViewController+Alerts.h */,
				6CF866651F0844A70009D0F2 /* UIViewController+Alerts.m */,
			);
			name = CustomClasses;
			sourceTree = "<group>";
		};
		E3F59A3D6055A594A1CD2A5A /* Pods */ = {
			isa = PBXGroup;
			children = (
				A07EFF8D4E297EA14CEEC437 /* Pods-FretX.debug.xcconfig */,
				1FCB118BF1A237C60A87227E /* Pods-FretX.release.xcconfig */,
			);
			name = Pods;
			sourceTree = "<group>";
		};
		F2D75B50121A368565C2EEA3 /* Frameworks */ = {
			isa = PBXGroup;
			children = (
				B66BFFC696957BF9092A319B /* Pods_FretX.framework */,
			);
			name = Frameworks;
			sourceTree = "<group>";
		};
/* End PBXGroup section */

/* Begin PBXNativeTarget section */
		6CF866331F03FB9A0009D0F2 /* FretX */ = {
			isa = PBXNativeTarget;
			buildConfigurationList = 6CF8664B1F03FB9A0009D0F2 /* Build configuration list for PBXNativeTarget "FretX" */;
			buildPhases = (
				F53098E416564369519BFD97 /* [CP] Check Pods Manifest.lock */,
				6CF866301F03FB9A0009D0F2 /* Sources */,
				6CF866311F03FB9A0009D0F2 /* Frameworks */,
				6CF866321F03FB9A0009D0F2 /* Resources */,
				5DBF34DD4BCF4AAA996B8063 /* [CP] Embed Pods Frameworks */,
				A98C64059EA2D3096060EEC2 /* [CP] Copy Pods Resources */,
			);
			buildRules = (
			);
			dependencies = (
			);
			name = FretX;
			productName = FretX;
			productReference = 6CF866341F03FB9A0009D0F2 /* FretX.app */;
			productType = "com.apple.product-type.application";
		};
/* End PBXNativeTarget section */

/* Begin PBXProject section */
		6CF8662C1F03FB9A0009D0F2 /* Project object */ = {
			isa = PBXProject;
			attributes = {
				LastUpgradeCheck = 0820;
				ORGANIZATIONNAME = rocks.fretx;
				TargetAttributes = {
					6CF866331F03FB9A0009D0F2 = {
						CreatedOnToolsVersion = 8.2;
						DevelopmentTeam = FWWN2RQ9Y2;
						ProvisioningStyle = Automatic;
					};
				};
			};
			buildConfigurationList = 6CF8662F1F03FB9A0009D0F2 /* Build configuration list for PBXProject "FretX" */;
			compatibilityVersion = "Xcode 3.2";
			developmentRegion = English;
			hasScannedForEncodings = 0;
			knownRegions = (
				en,
				Base,
			);
			mainGroup = 6CF8662B1F03FB9A0009D0F2;
			productRefGroup = 6CF866351F03FB9A0009D0F2 /* Products */;
			projectDirPath = "";
			projectRoot = "";
			targets = (
				6CF866331F03FB9A0009D0F2 /* FretX */,
			);
		};
/* End PBXProject section */

/* Begin PBXResourcesBuildPhase section */
		6CF866321F03FB9A0009D0F2 /* Resources */ = {
			isa = PBXResourcesBuildPhase;
			buildActionMask = 2147483647;
			files = (
				6CF866471F03FB9A0009D0F2 /* LaunchScreen.storyboard in Resources */,
				6CF8664F1F0406F40009D0F2 /* GoogleService-Info.plist in Resources */,
				6CF866441F03FB9A0009D0F2 /* Assets.xcassets in Resources */,
				6CF866421F03FB9A0009D0F2 /* Main.storyboard in Resources */,
			);
			runOnlyForDeploymentPostprocessing = 0;
		};
/* End PBXResourcesBuildPhase section */

/* Begin PBXShellScriptBuildPhase section */
		5DBF34DD4BCF4AAA996B8063 /* [CP] Embed Pods Frameworks */ = {
			isa = PBXShellScriptBuildPhase;
			buildActionMask = 2147483647;
			files = (
			);
			inputPaths = (
			);
			name = "[CP] Embed Pods Frameworks";
			outputPaths = (
			);
			runOnlyForDeploymentPostprocessing = 0;
			shellPath = /bin/sh;
			shellScript = "\"${SRCROOT}/Pods/Target Support Files/Pods-FretX/Pods-FretX-frameworks.sh\"\n";
			showEnvVarsInLog = 0;
		};
		A98C64059EA2D3096060EEC2 /* [CP] Copy Pods Resources */ = {
			isa = PBXShellScriptBuildPhase;
			buildActionMask = 2147483647;
			files = (
			);
			inputPaths = (
			);
			name = "[CP] Copy Pods Resources";
			outputPaths = (
			);
			runOnlyForDeploymentPostprocessing = 0;
			shellPath = /bin/sh;
			shellScript = "\"${SRCROOT}/Pods/Target Support Files/Pods-FretX/Pods-FretX-resources.sh\"\n";
			showEnvVarsInLog = 0;
		};
		F53098E416564369519BFD97 /* [CP] Check Pods Manifest.lock */ = {
			isa = PBXShellScriptBuildPhase;
			buildActionMask = 2147483647;
			files = (
			);
			inputPaths = (
			);
			name = "[CP] Check Pods Manifest.lock";
			outputPaths = (
			);
			runOnlyForDeploymentPostprocessing = 0;
			shellPath = /bin/sh;
			shellScript = "diff \"${PODS_ROOT}/../Podfile.lock\" \"${PODS_ROOT}/Manifest.lock\" > /dev/null\nif [ $? != 0 ] ; then\n    # print error to STDERR\n    echo \"error: The sandbox is not in sync with the Podfile.lock. Run 'pod install' or update your CocoaPods installation.\" >&2\n    exit 1\nfi\n";
			showEnvVarsInLog = 0;
		};
/* End PBXShellScriptBuildPhase section */

/* Begin PBXSourcesBuildPhase section */
		6CF866301F03FB9A0009D0F2 /* Sources */ = {
			isa = PBXSourcesBuildPhase;
			buildActionMask = 2147483647;
			files = (
				6CF866591F040C900009D0F2 /* MainActivity.m in Sources */,
				6CF866671F0844A70009D0F2 /* UIViewController+Alerts.m in Sources */,
				6CF866661F0844A70009D0F2 /* ToastHelper.m in Sources */,
				6CF866561F040C480009D0F2 /* LoginActivity.m in Sources */,
				6CF8663C1F03FB9A0009D0F2 /* AppDelegate.m in Sources */,
				6CF866531F0409410009D0F2 /* SplashScreens.m in Sources */,
				6CF866391F03FB9A0009D0F2 /* main.m in Sources */,
			);
			runOnlyForDeploymentPostprocessing = 0;
		};
/* End PBXSourcesBuildPhase section */

/* Begin PBXVariantGroup section */
		6CF866401F03FB9A0009D0F2 /* Main.storyboard */ = {
			isa = PBXVariantGroup;
			children = (
				6CF866411F03FB9A0009D0F2 /* Base */,
			);
			name = Main.storyboard;
			sourceTree = "<group>";
		};
		6CF866451F03FB9A0009D0F2 /* LaunchScreen.storyboard */ = {
			isa = PBXVariantGroup;
			children = (
				6CF866461F03FB9A0009D0F2 /* Base */,
			);
			name = LaunchScreen.storyboard;
			sourceTree = "<group>";
		};
/* End PBXVariantGroup section */

/* Begin XCBuildConfiguration section */
		6CF866491F03FB9A0009D0F2 /* Debug */ = {
			isa = XCBuildConfiguration;
			buildSettings = {
				ALWAYS_SEARCH_USER_PATHS = NO;
				CLANG_ANALYZER_NONNULL = YES;
				CLANG_CXX_LANGUAGE_STANDARD = "gnu++0x";
				CLANG_CXX_LIBRARY = "libc++";
				CLANG_ENABLE_MODULES = YES;
				CLANG_ENABLE_OBJC_ARC = YES;
				CLANG_WARN_BOOL_CONVERSION = YES;
				CLANG_WARN_CONSTANT_CONVERSION = YES;
				CLANG_WARN_DIRECT_OBJC_ISA_USAGE = YES_ERROR;
				CLANG_WARN_DOCUMENTATION_COMMENTS = YES;
				CLANG_WARN_EMPTY_BODY = YES;
				CLANG_WARN_ENUM_CONVERSION = YES;
				CLANG_WARN_INFINITE_RECURSION = YES;
				CLANG_WARN_INT_CONVERSION = YES;
				CLANG_WARN_OBJC_ROOT_CLASS = YES_ERROR;
				CLANG_WARN_SUSPICIOUS_MOVE = YES;
				CLANG_WARN_UNREACHABLE_CODE = YES;
				CLANG_WARN__DUPLICATE_METHOD_MATCH = YES;
				"CODE_SIGN_IDENTITY[sdk=iphoneos*]" = "iPhone Developer";
				COPY_PHASE_STRIP = NO;
				DEBUG_INFORMATION_FORMAT = dwarf;
				ENABLE_STRICT_OBJC_MSGSEND = YES;
				ENABLE_TESTABILITY = YES;
				GCC_C_LANGUAGE_STANDARD = gnu99;
				GCC_DYNAMIC_NO_PIC = NO;
				GCC_NO_COMMON_BLOCKS = YES;
				GCC_OPTIMIZATION_LEVEL = 0;
				GCC_PREPROCESSOR_DEFINITIONS = (
					"DEBUG=1",
					"$(inherited)",
				);
				GCC_WARN_64_TO_32_BIT_CONVERSION = YES;
				GCC_WARN_ABOUT_RETURN_TYPE = YES_ERROR;
				GCC_WARN_UNDECLARED_SELECTOR = YES;
				GCC_WARN_UNINITIALIZED_AUTOS = YES_AGGRESSIVE;
				GCC_WARN_UNUSED_FUNCTION = YES;
				GCC_WARN_UNUSED_VARIABLE = YES;
				IPHONEOS_DEPLOYMENT_TARGET = 10.2;
				MTL_ENABLE_DEBUG_INFO = YES;
				ONLY_ACTIVE_ARCH = YES;
				SDKROOT = iphoneos;
			};
			name = Debug;
		};
		6CF8664A1F03FB9A0009D0F2 /* Release */ = {
			isa = XCBuildConfiguration;
			buildSettings = {
				ALWAYS_SEARCH_USER_PATHS = NO;
				CLANG_ANALYZER_NONNULL = YES;
				CLANG_CXX_LANGUAGE_STANDARD = "gnu++0x";
				CLANG_CXX_LIBRARY = "libc++";
				CLANG_ENABLE_MODULES = YES;
				CLANG_ENABLE_OBJC_ARC = YES;
				CLANG_WARN_BOOL_CONVERSION = YES;
				CLANG_WARN_CONSTANT_CONVERSION = YES;
				CLANG_WARN_DIRECT_OBJC_ISA_USAGE = YES_ERROR;
				CLANG_WARN_DOCUMENTATION_COMMENTS = YES;
				CLANG_WARN_EMPTY_BODY = YES;
				CLANG_WARN_ENUM_CONVERSION = YES;
				CLANG_WARN_INFINITE_RECURSION = YES;
				CLANG_WARN_INT_CONVERSION = YES;
				CLANG_WARN_OBJC_ROOT_CLASS = YES_ERROR;
				CLANG_WARN_SUSPICIOUS_MOVE = YES;
				CLANG_WARN_UNREACHABLE_CODE = YES;
				CLANG_WARN__DUPLICATE_METHOD_MATCH = YES;
				"CODE_SIGN_IDENTITY[sdk=iphoneos*]" = "iPhone Developer";
				COPY_PHASE_STRIP = NO;
				DEBUG_INFORMATION_FORMAT = "dwarf-with-dsym";
				ENABLE_NS_ASSERTIONS = NO;
				ENABLE_STRICT_OBJC_MSGSEND = YES;
				GCC_C_LANGUAGE_STANDARD = gnu99;
				GCC_NO_COMMON_BLOCKS = YES;
				GCC_WARN_64_TO_32_BIT_CONVERSION = YES;
				GCC_WARN_ABOUT_RETURN_TYPE = YES_ERROR;
				GCC_WARN_UNDECLARED_SELECTOR = YES;
				GCC_WARN_UNINITIALIZED_AUTOS = YES_AGGRESSIVE;
				GCC_WARN_UNUSED_FUNCTION = YES;
				GCC_WARN_UNUSED_VARIABLE = YES;
				IPHONEOS_DEPLOYMENT_TARGET = 10.2;
				MTL_ENABLE_DEBUG_INFO = NO;
				SDKROOT = iphoneos;
				VALIDATE_PRODUCT = YES;
			};
			name = Release;
		};
		6CF8664C1F03FB9A0009D0F2 /* Debug */ = {
			isa = XCBuildConfiguration;
			baseConfigurationReference = A07EFF8D4E297EA14CEEC437 /* Pods-FretX.debug.xcconfig */;
			buildSettings = {
				ASSETCATALOG_COMPILER_APPICON_NAME = AppIcon;
				DEVELOPMENT_TEAM = FWWN2RQ9Y2;
				INFOPLIST_FILE = FretX/Info.plist;
				IPHONEOS_DEPLOYMENT_TARGET = 8.0;
				LD_RUNPATH_SEARCH_PATHS = "$(inherited) @executable_path/Frameworks";
				PRODUCT_BUNDLE_IDENTIFIER = rocks.fretx.app;
				PRODUCT_NAME = "$(TARGET_NAME)";
			};
			name = Debug;
		};
		6CF8664D1F03FB9A0009D0F2 /* Release */ = {
			isa = XCBuildConfiguration;
			baseConfigurationReference = 1FCB118BF1A237C60A87227E /* Pods-FretX.release.xcconfig */;
			buildSettings = {
				ASSETCATALOG_COMPILER_APPICON_NAME = AppIcon;
				DEVELOPMENT_TEAM = FWWN2RQ9Y2;
				INFOPLIST_FILE = FretX/Info.plist;
				IPHONEOS_DEPLOYMENT_TARGET = 8.0;
				LD_RUNPATH_SEARCH_PATHS = "$(inherited) @executable_path/Frameworks";
				PRODUCT_BUNDLE_IDENTIFIER = rocks.fretx.app;
				PRODUCT_NAME = "$(TARGET_NAME)";
			};
			name = Release;
		};
/* End XCBuildConfiguration section */

/* Begin XCConfigurationList section */
		6CF8662F1F03FB9A0009D0F2 /* Build configuration list for PBXProject "FretX" */ = {
			isa = XCConfigurationList;
			buildConfigurations = (
				6CF866491F03FB9A0009D0F2 /* Debug */,
				6CF8664A1F03FB9A0009D0F2 /* Release */,
			);
			defaultConfigurationIsVisible = 0;
			defaultConfigurationName = Release;
		};
		6CF8664B1F03FB9A0009D0F2 /* Build configuration list for PBXNativeTarget "FretX" */ = {
			isa = XCConfigurationList;
			buildConfigurations = (
				6CF8664C1F03FB9A0009D0F2 /* Debug */,
				6CF8664D1F03FB9A0009D0F2 /* Release */,
			);
			defaultConfigurationIsVisible = 0;
			defaultConfigurationName = Release;
		};
/* End XCConfigurationList section */
	};
	rootObject = 6CF8662C1F03FB9A0009D0F2 /* Project object */;
}
