// !$*UTF8*$!
{
	archiveVersion = 1;
	classes = {
	};
	objectVersion = 46;
	objects = {

/* Begin PBXBuildFile section */
		335F36C14EDF58C27D68420D /* Pods_FretX.framework in Frameworks */ = {isa = PBXBuildFile; fileRef = 812D127868654BE666A0B042 /* Pods_FretX.framework */; };
		6CD1BF411F0A7A7F000D8819 /* GoogleService-Info.plist in Resources */ = {isa = PBXBuildFile; fileRef = 6CD1BF3D1F0A7A7F000D8819 /* GoogleService-Info.plist */; };
		6CD1BF421F0A7A7F000D8819 /* Roboto-Italic.ttf in Resources */ = {isa = PBXBuildFile; fileRef = 6CD1BF3E1F0A7A7F000D8819 /* Roboto-Italic.ttf */; };
		6CD1BF431F0A7A7F000D8819 /* Roboto-Medium.ttf in Resources */ = {isa = PBXBuildFile; fileRef = 6CD1BF3F1F0A7A7F000D8819 /* Roboto-Medium.ttf */; };
		6CD1BF441F0A7A7F000D8819 /* Roboto-Regular.ttf in Resources */ = {isa = PBXBuildFile; fileRef = 6CD1BF401F0A7A7F000D8819 /* Roboto-Regular.ttf */; };
		6CD1BF4A1F0A7AA9000D8819 /* ToastHelper.m in Sources */ = {isa = PBXBuildFile; fileRef = 6CD1BF471F0A7AA9000D8819 /* ToastHelper.m */; };
		6CD1BF4B1F0A7AA9000D8819 /* UIViewController+Alerts.m in Sources */ = {isa = PBXBuildFile; fileRef = 6CD1BF491F0A7AA9000D8819 /* UIViewController+Alerts.m */; };
		6CD1BF511F0A86F2000D8819 /* LoginActivity.m in Sources */ = {isa = PBXBuildFile; fileRef = 6CD1BF4E1F0A86F2000D8819 /* LoginActivity.m */; };
		6CD1BF521F0A86F2000D8819 /* SplashScreens.m in Sources */ = {isa = PBXBuildFile; fileRef = 6CD1BF501F0A86F2000D8819 /* SplashScreens.m */; };
		77FF16A41F0E5D340013B09F /* FretxBLE.framework in Frameworks */ = {isa = PBXBuildFile; fileRef = 77FF16A01F0E3DCA0013B09F /* FretxBLE.framework */; settings = {ATTRIBUTES = (Required, ); }; };
		77FF16A51F0E5D340013B09F /* FretxBLE.framework in Embed Frameworks */ = {isa = PBXBuildFile; fileRef = 77FF16A01F0E3DCA0013B09F /* FretxBLE.framework */; settings = {ATTRIBUTES = (CodeSignOnCopy, RemoveHeadersOnCopy, ); }; };
		8B049C3B1F0A3C50008BE4DC /* FretsProgressView.m in Sources */ = {isa = PBXBuildFile; fileRef = 8B049C3A1F0A3C50008BE4DC /* FretsProgressView.m */; };
		8B049C3D1F0A3C90008BE4DC /* FretsProgressView.xib in Resources */ = {isa = PBXBuildFile; fileRef = 8B049C3C1F0A3C90008BE4DC /* FretsProgressView.xib */; };
		8B049C411F0A8364008BE4DC /* PlayYoutubeViewController.m in Sources */ = {isa = PBXBuildFile; fileRef = 8B049C401F0A8364008BE4DC /* PlayYoutubeViewController.m */; };
		8B0DF59D1F063D8000DB79B8 /* FingerPosition.m in Sources */ = {isa = PBXBuildFile; fileRef = 8B0DF59C1F063D8000DB79B8 /* FingerPosition.m */; };
		8B0EC4111F04E16300EE1489 /* RequestManager.m in Sources */ = {isa = PBXBuildFile; fileRef = 8B0EC4101F04E16300EE1489 /* RequestManager.m */; };
		8B0EC4131F04E4A400EE1489 /* Podfile in Resources */ = {isa = PBXBuildFile; fileRef = 8B0EC4121F04E4A400EE1489 /* Podfile */; };
		8B0EC4211F04F6C900EE1489 /* NSArray+Safe.m in Sources */ = {isa = PBXBuildFile; fileRef = 8B0EC4191F04F6C900EE1489 /* NSArray+Safe.m */; };
		8B0EC4221F04F6C900EE1489 /* NSDictionary+Safe.m in Sources */ = {isa = PBXBuildFile; fileRef = 8B0EC41B1F04F6C900EE1489 /* NSDictionary+Safe.m */; };
		8B0EC4231F04F6C900EE1489 /* NSMutableArray+Safe.m in Sources */ = {isa = PBXBuildFile; fileRef = 8B0EC41D1F04F6C900EE1489 /* NSMutableArray+Safe.m */; };
		8B0EC4241F04F6C900EE1489 /* NSMutableDictionary+Safe.m in Sources */ = {isa = PBXBuildFile; fileRef = 8B0EC41F1F04F6C900EE1489 /* NSMutableDictionary+Safe.m */; };
		8B0EC4271F05080700EE1489 /* MelodyChordsViewController.m in Sources */ = {isa = PBXBuildFile; fileRef = 8B0EC4261F05080700EE1489 /* MelodyChordsViewController.m */; };
		8B0EC42C1F0509ED00EE1489 /* GuitarNeckView.m in Sources */ = {isa = PBXBuildFile; fileRef = 8B0EC42B1F0509ED00EE1489 /* GuitarNeckView.m */; };
		8B0EC42E1F050EFC00EE1489 /* GuitarNeckView.xib in Resources */ = {isa = PBXBuildFile; fileRef = 8B0EC42D1F050EFC00EE1489 /* GuitarNeckView.xib */; };
		8B0EC4341F051A3100EE1489 /* Melody.m in Sources */ = {isa = PBXBuildFile; fileRef = 8B0EC4331F051A3100EE1489 /* Melody.m */; };
		8B0EC4371F051A7200EE1489 /* Lesson.m in Sources */ = {isa = PBXBuildFile; fileRef = 8B0EC4361F051A7200EE1489 /* Lesson.m */; };
		8B0EC43A1F051A7E00EE1489 /* SongPunch.m in Sources */ = {isa = PBXBuildFile; fileRef = 8B0EC4391F051A7E00EE1489 /* SongPunch.m */; };
		8B0EC43E1F0529C200EE1489 /* UIView+Activity.m in Sources */ = {isa = PBXBuildFile; fileRef = 8B0EC43D1F0529C200EE1489 /* UIView+Activity.m */; };
		8B0EC4481F05480800EE1489 /* MainTabBarController.m in Sources */ = {isa = PBXBuildFile; fileRef = 8B0EC4471F05480800EE1489 /* MainTabBarController.m */; };
		8B0EC44B1F05485800EE1489 /* BaseNavigationController.m in Sources */ = {isa = PBXBuildFile; fileRef = 8B0EC44A1F05485800EE1489 /* BaseNavigationController.m */; };
		8B0EC44F1F0548B100EE1489 /* BaseViewController.m in Sources */ = {isa = PBXBuildFile; fileRef = 8B0EC44E1F0548B100EE1489 /* BaseViewController.m */; };
		8B0EC4521F05565F00EE1489 /* SettingsViewController.m in Sources */ = {isa = PBXBuildFile; fileRef = 8B0EC4511F05565F00EE1489 /* SettingsViewController.m */; };
		8B0EC4551F05566F00EE1489 /* TunerViewController.m in Sources */ = {isa = PBXBuildFile; fileRef = 8B0EC4541F05566F00EE1489 /* TunerViewController.m */; };
		8B135DFF1F0E4B4500402817 /* CompletionPopupView.m in Sources */ = {isa = PBXBuildFile; fileRef = 8B135DFD1F0E4B4500402817 /* CompletionPopupView.m */; };
		8B135E001F0E4B4500402817 /* CompletionPopupView.xib in Resources */ = {isa = PBXBuildFile; fileRef = 8B135DFE1F0E4B4500402817 /* CompletionPopupView.xib */; };
		8B1A94BE1F0397B900E18BB7 /* main.m in Sources */ = {isa = PBXBuildFile; fileRef = 8B1A94BD1F0397B900E18BB7 /* main.m */; };
		8B1A94C11F0397B900E18BB7 /* AppDelegate.m in Sources */ = {isa = PBXBuildFile; fileRef = 8B1A94C01F0397B900E18BB7 /* AppDelegate.m */; };
		8B1A94C91F0397B900E18BB7 /* Assets.xcassets in Resources */ = {isa = PBXBuildFile; fileRef = 8B1A94C81F0397B900E18BB7 /* Assets.xcassets */; };
		8B1A94DC1F039BDF00E18BB7 /* LearnProgrammsViewController.m in Sources */ = {isa = PBXBuildFile; fileRef = 8B1A94DB1F039BDF00E18BB7 /* LearnProgrammsViewController.m */; };
		8B1A94DF1F039C0200E18BB7 /* MelodiesViewController.m in Sources */ = {isa = PBXBuildFile; fileRef = 8B1A94DE1F039C0200E18BB7 /* MelodiesViewController.m */; };
		8B1A94E81F039CCB00E18BB7 /* LaunchScreen.storyboard in Resources */ = {isa = PBXBuildFile; fileRef = 8B1A94E61F039CCB00E18BB7 /* LaunchScreen.storyboard */; };
		8B1A94EA1F039E7500E18BB7 /* Melody.storyboard in Resources */ = {isa = PBXBuildFile; fileRef = 8B1A94E91F039E7500E18BB7 /* Melody.storyboard */; };
		8B1A94EC1F039EBB00E18BB7 /* Main.storyboard in Resources */ = {isa = PBXBuildFile; fileRef = 8B1A94EB1F039EBB00E18BB7 /* Main.storyboard */; };
		8B1A94EE1F039ED700E18BB7 /* Learn.storyboard in Resources */ = {isa = PBXBuildFile; fileRef = 8B1A94ED1F039ED700E18BB7 /* Learn.storyboard */; };
		8B1A94F01F039EE500E18BB7 /* Settings.storyboard in Resources */ = {isa = PBXBuildFile; fileRef = 8B1A94EF1F039EE400E18BB7 /* Settings.storyboard */; };
		8B1A94F21F039EF300E18BB7 /* Tuner.storyboard in Resources */ = {isa = PBXBuildFile; fileRef = 8B1A94F11F039EF300E18BB7 /* Tuner.storyboard */; };
		8B1A94F61F03D02000E18BB7 /* MelodyTableCell.m in Sources */ = {isa = PBXBuildFile; fileRef = 8B1A94F51F03D02000E18BB7 /* MelodyTableCell.m */; };
		8B2AD7021F0F78B9000E7D33 /* ContentManager.m in Sources */ = {isa = PBXBuildFile; fileRef = 8B2AD7011F0F78B9000E7D33 /* ContentManager.m */; };
		8B2AD7061F0F8DE6000E7D33 /* NavigationManager.m in Sources */ = {isa = PBXBuildFile; fileRef = 8B2AD7051F0F8DE6000E7D33 /* NavigationManager.m */; };
		8B8F05AA1F0CD5FD00BAADAC /* AdditionalControlsView.m in Sources */ = {isa = PBXBuildFile; fileRef = 8B8F05A91F0CD5FD00BAADAC /* AdditionalControlsView.m */; };
		8B8F05AC1F0CD63200BAADAC /* AdditionalControlsView.xib in Resources */ = {isa = PBXBuildFile; fileRef = 8B8F05AB1F0CD63200BAADAC /* AdditionalControlsView.xib */; };
		8B8F05B01F0D131A00BAADAC /* VideoEditor.m in Sources */ = {isa = PBXBuildFile; fileRef = 8B8F05AF1F0D131A00BAADAC /* VideoEditor.m */; };
		8BA738A01F18ACCA0000D6D8 /* TimeConverter.m in Sources */ = {isa = PBXBuildFile; fileRef = 8BA7389F1F18ACCA0000D6D8 /* TimeConverter.m */; };
		8BA738A31F18C25B0000D6D8 /* TutorialStateView.m in Sources */ = {isa = PBXBuildFile; fileRef = 8BA738A21F18C25B0000D6D8 /* TutorialStateView.m */; };
		8BA738A51F18C2AD0000D6D8 /* TutorialStateView.xib in Resources */ = {isa = PBXBuildFile; fileRef = 8BA738A41F18C2AD0000D6D8 /* TutorialStateView.xib */; };
		8BA738A91F18D5760000D6D8 /* DLRadioButton.m in Sources */ = {isa = PBXBuildFile; fileRef = 8BA738A81F18D5760000D6D8 /* DLRadioButton.m */; };
		8BA738AE1F190A4E0000D6D8 /* LedON.gif in Resources */ = {isa = PBXBuildFile; fileRef = 8BA738AD1F190A4E0000D6D8 /* LedON.gif */; };
		8BEF699D1F1387A4005603C0 /* ProgrammTableCell.m in Sources */ = {isa = PBXBuildFile; fileRef = 8BEF699C1F1387A4005603C0 /* ProgrammTableCell.m */; };
		8BEF69A01F138BD9005603C0 /* ChordsViewController.m in Sources */ = {isa = PBXBuildFile; fileRef = 8BEF699F1F138BD9005603C0 /* ChordsViewController.m */; };
		8BEF69A31F138BF2005603C0 /* ScaleExercisesViewController.m in Sources */ = {isa = PBXBuildFile; fileRef = 8BEF69A21F138BF2005603C0 /* ScaleExercisesViewController.m */; };
		8BEF69A91F13927D005603C0 /* ItemsCollectionView.xib in Resources */ = {isa = PBXBuildFile; fileRef = 8BEF69A81F13927D005603C0 /* ItemsCollectionView.xib */; };
		8BEF69AC1F139321005603C0 /* ItemCollectionCell.m in Sources */ = {isa = PBXBuildFile; fileRef = 8BEF69AB1F139321005603C0 /* ItemCollectionCell.m */; };
		8BEF69AE1F139332005603C0 /* ItemCollectionCell.xib in Resources */ = {isa = PBXBuildFile; fileRef = 8BEF69AD1F139332005603C0 /* ItemCollectionCell.xib */; };
		8BEF69B11F13ADF9005603C0 /* SongPunch+AudioProcessing.m in Sources */ = {isa = PBXBuildFile; fileRef = 8BEF69B01F13ADF9005603C0 /* SongPunch+AudioProcessing.m */; };
		8BEF69B61F13CCF8005603C0 /* ItemsCollectionView.m in Sources */ = {isa = PBXBuildFile; fileRef = 8BEF69B51F13CCF8005603C0 /* ItemsCollectionView.m */; };
		8BF3504B1F14B41200F920FA /* GuidedChordExercises.json in Resources */ = {isa = PBXBuildFile; fileRef = 8BF3504A1F14B41200F920FA /* GuidedChordExercises.json */; };
		8BF3504F1F14B54600F920FA /* ChordExercise.m in Sources */ = {isa = PBXBuildFile; fileRef = 8BF3504E1F14B54600F920FA /* ChordExercise.m */; };
		8BF350521F14BD8700F920FA /* ChordExercisesViewController.m in Sources */ = {isa = PBXBuildFile; fileRef = 8BF350511F14BD8700F920FA /* ChordExercisesViewController.m */; };
		8BF350561F14C04700F920FA /* ChordExerciseViewController.m in Sources */ = {isa = PBXBuildFile; fileRef = 8BF350551F14C04700F920FA /* ChordExerciseViewController.m */; };
		8BF3505A1F14C0D100F920FA /* ExerciseTableCell.m in Sources */ = {isa = PBXBuildFile; fileRef = 8BF350591F14C0D100F920FA /* ExerciseTableCell.m */; };
		8BF350661F14F23C00F920FA /* ExercisesPopupView.m in Sources */ = {isa = PBXBuildFile; fileRef = 8BF350651F14F23C00F920FA /* ExercisesPopupView.m */; };
		8BF350681F14F26300F920FA /* ExercisesPopupView.xib in Resources */ = {isa = PBXBuildFile; fileRef = 8BF350671F14F26300F920FA /* ExercisesPopupView.xib */; };
		8BF3506B1F14F6A600F920FA /* FretXAudioProcessing.framework in Frameworks */ = {isa = PBXBuildFile; fileRef = 8BF350691F14F69D00F920FA /* FretXAudioProcessing.framework */; settings = {ATTRIBUTES = (Weak, ); }; };
		8BF3506C1F14F6A600F920FA /* FretXAudioProcessing.framework in Embed Frameworks */ = {isa = PBXBuildFile; fileRef = 8BF350691F14F69D00F920FA /* FretXAudioProcessing.framework */; settings = {ATTRIBUTES = (CodeSignOnCopy, RemoveHeadersOnCopy, ); }; };
		8BF49A7B1F17B78E003565DD /* Onboarding.storyboard in Resources */ = {isa = PBXBuildFile; fileRef = 8BF49A7A1F17B78E003565DD /* Onboarding.storyboard */; };
		8BF49A841F17B9B3003565DD /* MainSettingsViewController.m in Sources */ = {isa = PBXBuildFile; fileRef = 8BF49A831F17B9B3003565DD /* MainSettingsViewController.m */; };
		8BF49A871F17B9D3003565DD /* FretxKitViewController.m in Sources */ = {isa = PBXBuildFile; fileRef = 8BF49A861F17B9D3003565DD /* FretxKitViewController.m */; };
		8BF49A8A1F17B9F0003565DD /* VideoTutorialViewController.m in Sources */ = {isa = PBXBuildFile; fileRef = 8BF49A891F17B9F0003565DD /* VideoTutorialViewController.m */; };
		8BF49A8D1F17BA15003565DD /* BLEConnectionViewController.m in Sources */ = {isa = PBXBuildFile; fileRef = 8BF49A8C1F17BA15003565DD /* BLEConnectionViewController.m */; };
		8BF49A901F17BA55003565DD /* LightsTutorialViewController.m in Sources */ = {isa = PBXBuildFile; fileRef = 8BF49A8F1F17BA55003565DD /* LightsTutorialViewController.m */; };
		8BFB17061F0B8E25008A48C7 /* PlayerControlsView.m in Sources */ = {isa = PBXBuildFile; fileRef = 8BFB17051F0B8E25008A48C7 /* PlayerControlsView.m */; };
		8BFB17081F0B8EAE008A48C7 /* PlayerControlsView.xib in Resources */ = {isa = PBXBuildFile; fileRef = 8BFB17071F0B8EAE008A48C7 /* PlayerControlsView.xib */; };
		8BFB17111F0BC894008A48C7 /* ChordCollectionViewCell.m in Sources */ = {isa = PBXBuildFile; fileRef = 8BFB17101F0BC894008A48C7 /* ChordCollectionViewCell.m */; };
		8BFB17131F0BDEC1008A48C7 /* ChordCollectionViewCell.xib in Resources */ = {isa = PBXBuildFile; fileRef = 8BFB17121F0BDEC1008A48C7 /* ChordCollectionViewCell.xib */; };
		8BFB17191F0BE5FC008A48C7 /* ChordsTimeLineView.m in Sources */ = {isa = PBXBuildFile; fileRef = 8BFB17171F0BE5FC008A48C7 /* ChordsTimeLineView.m */; };
		8BFB17201F0BE7EC008A48C7 /* ChordsTimeLineView.xib in Resources */ = {isa = PBXBuildFile; fileRef = 8BFB171F1F0BE7EC008A48C7 /* ChordsTimeLineView.xib */; };
		8BFB72C21F160483000E9041 /* ChordTableCell.m in Sources */ = {isa = PBXBuildFile; fileRef = 8BFB72C11F160483000E9041 /* ChordTableCell.m */; };
		8BFB72C61F1604BD000E9041 /* ChordTableCell.xib in Resources */ = {isa = PBXBuildFile; fileRef = 8BFB72C51F1604BD000E9041 /* ChordTableCell.xib */; };
		8BFB72C91F162044000E9041 /* CustomExerciseViewController.m in Sources */ = {isa = PBXBuildFile; fileRef = 8BFB72C81F162044000E9041 /* CustomExerciseViewController.m */; };
		8BFB72CB1F163DE6000E9041 /* CustomExercises.plist in Resources */ = {isa = PBXBuildFile; fileRef = 8BFB72CA1F163DE6000E9041 /* CustomExercises.plist */; };
/* End PBXBuildFile section */

/* Begin PBXCopyFilesBuildPhase section */
		77FF16A61F0E5D340013B09F /* Embed Frameworks */ = {
			isa = PBXCopyFilesBuildPhase;
			buildActionMask = 2147483647;
			dstPath = "";
			dstSubfolderSpec = 10;
			files = (
				8BF3506C1F14F6A600F920FA /* FretXAudioProcessing.framework in Embed Frameworks */,
				77FF16A51F0E5D340013B09F /* FretxBLE.framework in Embed Frameworks */,
			);
			name = "Embed Frameworks";
			runOnlyForDeploymentPostprocessing = 0;
		};
/* End PBXCopyFilesBuildPhase section */

/* Begin PBXFileReference section */
		6CD1BF3D1F0A7A7F000D8819 /* GoogleService-Info.plist */ = {isa = PBXFileReference; fileEncoding = 4; lastKnownFileType = text.plist.xml; path = "GoogleService-Info.plist"; sourceTree = "<group>"; };
		6CD1BF3E1F0A7A7F000D8819 /* Roboto-Italic.ttf */ = {isa = PBXFileReference; lastKnownFileType = file; path = "Roboto-Italic.ttf"; sourceTree = "<group>"; };
		6CD1BF3F1F0A7A7F000D8819 /* Roboto-Medium.ttf */ = {isa = PBXFileReference; lastKnownFileType = file; path = "Roboto-Medium.ttf"; sourceTree = "<group>"; };
		6CD1BF401F0A7A7F000D8819 /* Roboto-Regular.ttf */ = {isa = PBXFileReference; lastKnownFileType = file; path = "Roboto-Regular.ttf"; sourceTree = "<group>"; };
		6CD1BF461F0A7AA9000D8819 /* ToastHelper.h */ = {isa = PBXFileReference; fileEncoding = 4; lastKnownFileType = sourcecode.c.h; path = ToastHelper.h; sourceTree = "<group>"; };
		6CD1BF471F0A7AA9000D8819 /* ToastHelper.m */ = {isa = PBXFileReference; fileEncoding = 4; lastKnownFileType = sourcecode.c.objc; path = ToastHelper.m; sourceTree = "<group>"; };
		6CD1BF481F0A7AA9000D8819 /* UIViewController+Alerts.h */ = {isa = PBXFileReference; fileEncoding = 4; lastKnownFileType = sourcecode.c.h; path = "UIViewController+Alerts.h"; sourceTree = "<group>"; };
		6CD1BF491F0A7AA9000D8819 /* UIViewController+Alerts.m */ = {isa = PBXFileReference; fileEncoding = 4; lastKnownFileType = sourcecode.c.objc; path = "UIViewController+Alerts.m"; sourceTree = "<group>"; };
		6CD1BF4D1F0A86F2000D8819 /* LoginActivity.h */ = {isa = PBXFileReference; fileEncoding = 4; lastKnownFileType = sourcecode.c.h; name = LoginActivity.h; path = SplashAndLogin/LoginActivity.h; sourceTree = "<group>"; };
		6CD1BF4E1F0A86F2000D8819 /* LoginActivity.m */ = {isa = PBXFileReference; fileEncoding = 4; lastKnownFileType = sourcecode.c.objc; name = LoginActivity.m; path = SplashAndLogin/LoginActivity.m; sourceTree = "<group>"; };
		6CD1BF4F1F0A86F2000D8819 /* SplashScreens.h */ = {isa = PBXFileReference; fileEncoding = 4; lastKnownFileType = sourcecode.c.h; name = SplashScreens.h; path = SplashAndLogin/SplashScreens.h; sourceTree = "<group>"; };
		6CD1BF501F0A86F2000D8819 /* SplashScreens.m */ = {isa = PBXFileReference; fileEncoding = 4; lastKnownFileType = sourcecode.c.objc; name = SplashScreens.m; path = SplashAndLogin/SplashScreens.m; sourceTree = "<group>"; };
		77FF16A01F0E3DCA0013B09F /* FretxBLE.framework */ = {isa = PBXFileReference; lastKnownFileType = wrapper.framework; path = FretxBLE.framework; sourceTree = "<group>"; };
		7C91B822DE9AABBA4E976CDB /* Pods-FretX.release.xcconfig */ = {isa = PBXFileReference; includeInIndex = 1; lastKnownFileType = text.xcconfig; name = "Pods-FretX.release.xcconfig"; path = "Pods/Target Support Files/Pods-FretX/Pods-FretX.release.xcconfig"; sourceTree = "<group>"; };
		812D127868654BE666A0B042 /* Pods_FretX.framework */ = {isa = PBXFileReference; explicitFileType = wrapper.framework; includeInIndex = 0; path = Pods_FretX.framework; sourceTree = BUILT_PRODUCTS_DIR; };
		8B049C391F0A3C50008BE4DC /* FretsProgressView.h */ = {isa = PBXFileReference; fileEncoding = 4; lastKnownFileType = sourcecode.c.h; path = FretsProgressView.h; sourceTree = "<group>"; };
		8B049C3A1F0A3C50008BE4DC /* FretsProgressView.m */ = {isa = PBXFileReference; fileEncoding = 4; lastKnownFileType = sourcecode.c.objc; path = FretsProgressView.m; sourceTree = "<group>"; };
		8B049C3C1F0A3C90008BE4DC /* FretsProgressView.xib */ = {isa = PBXFileReference; fileEncoding = 4; lastKnownFileType = file.xib; path = FretsProgressView.xib; sourceTree = "<group>"; };
		8B049C3F1F0A8364008BE4DC /* PlayYoutubeViewController.h */ = {isa = PBXFileReference; fileEncoding = 4; lastKnownFileType = sourcecode.c.h; path = PlayYoutubeViewController.h; sourceTree = "<group>"; };
		8B049C401F0A8364008BE4DC /* PlayYoutubeViewController.m */ = {isa = PBXFileReference; fileEncoding = 4; lastKnownFileType = sourcecode.c.objc; path = PlayYoutubeViewController.m; sourceTree = "<group>"; };
		8B0DF59B1F063D8000DB79B8 /* FingerPosition.h */ = {isa = PBXFileReference; fileEncoding = 4; lastKnownFileType = sourcecode.c.h; path = FingerPosition.h; sourceTree = "<group>"; };
		8B0DF59C1F063D8000DB79B8 /* FingerPosition.m */ = {isa = PBXFileReference; fileEncoding = 4; lastKnownFileType = sourcecode.c.objc; path = FingerPosition.m; sourceTree = "<group>"; };
		8B0EC40F1F04E16300EE1489 /* RequestManager.h */ = {isa = PBXFileReference; fileEncoding = 4; lastKnownFileType = sourcecode.c.h; path = RequestManager.h; sourceTree = "<group>"; };
		8B0EC4101F04E16300EE1489 /* RequestManager.m */ = {isa = PBXFileReference; fileEncoding = 4; lastKnownFileType = sourcecode.c.objc; path = RequestManager.m; sourceTree = "<group>"; };
		8B0EC4121F04E4A400EE1489 /* Podfile */ = {isa = PBXFileReference; fileEncoding = 4; lastKnownFileType = text; path = Podfile; sourceTree = "<group>"; xcLanguageSpecificationIdentifier = xcode.lang.ruby; };
		8B0EC4181F04F6C900EE1489 /* NSArray+Safe.h */ = {isa = PBXFileReference; fileEncoding = 4; lastKnownFileType = sourcecode.c.h; path = "NSArray+Safe.h"; sourceTree = "<group>"; };
		8B0EC4191F04F6C900EE1489 /* NSArray+Safe.m */ = {isa = PBXFileReference; fileEncoding = 4; lastKnownFileType = sourcecode.c.objc; path = "NSArray+Safe.m"; sourceTree = "<group>"; };
		8B0EC41A1F04F6C900EE1489 /* NSDictionary+Safe.h */ = {isa = PBXFileReference; fileEncoding = 4; lastKnownFileType = sourcecode.c.h; path = "NSDictionary+Safe.h"; sourceTree = "<group>"; };
		8B0EC41B1F04F6C900EE1489 /* NSDictionary+Safe.m */ = {isa = PBXFileReference; fileEncoding = 4; lastKnownFileType = sourcecode.c.objc; path = "NSDictionary+Safe.m"; sourceTree = "<group>"; };
		8B0EC41C1F04F6C900EE1489 /* NSMutableArray+Safe.h */ = {isa = PBXFileReference; fileEncoding = 4; lastKnownFileType = sourcecode.c.h; path = "NSMutableArray+Safe.h"; sourceTree = "<group>"; };
		8B0EC41D1F04F6C900EE1489 /* NSMutableArray+Safe.m */ = {isa = PBXFileReference; fileEncoding = 4; lastKnownFileType = sourcecode.c.objc; path = "NSMutableArray+Safe.m"; sourceTree = "<group>"; };
		8B0EC41E1F04F6C900EE1489 /* NSMutableDictionary+Safe.h */ = {isa = PBXFileReference; fileEncoding = 4; lastKnownFileType = sourcecode.c.h; path = "NSMutableDictionary+Safe.h"; sourceTree = "<group>"; };
		8B0EC41F1F04F6C900EE1489 /* NSMutableDictionary+Safe.m */ = {isa = PBXFileReference; fileEncoding = 4; lastKnownFileType = sourcecode.c.objc; path = "NSMutableDictionary+Safe.m"; sourceTree = "<group>"; };
		8B0EC4201F04F6C900EE1489 /* SafeCategories.h */ = {isa = PBXFileReference; fileEncoding = 4; lastKnownFileType = sourcecode.c.h; path = SafeCategories.h; sourceTree = "<group>"; };
		8B0EC4251F05080700EE1489 /* MelodyChordsViewController.h */ = {isa = PBXFileReference; fileEncoding = 4; lastKnownFileType = sourcecode.c.h; path = MelodyChordsViewController.h; sourceTree = "<group>"; };
		8B0EC4261F05080700EE1489 /* MelodyChordsViewController.m */ = {isa = PBXFileReference; fileEncoding = 4; lastKnownFileType = sourcecode.c.objc; path = MelodyChordsViewController.m; sourceTree = "<group>"; };
		8B0EC42A1F0509ED00EE1489 /* GuitarNeckView.h */ = {isa = PBXFileReference; fileEncoding = 4; lastKnownFileType = sourcecode.c.h; path = GuitarNeckView.h; sourceTree = "<group>"; };
		8B0EC42B1F0509ED00EE1489 /* GuitarNeckView.m */ = {isa = PBXFileReference; fileEncoding = 4; lastKnownFileType = sourcecode.c.objc; path = GuitarNeckView.m; sourceTree = "<group>"; };
		8B0EC42D1F050EFC00EE1489 /* GuitarNeckView.xib */ = {isa = PBXFileReference; fileEncoding = 4; lastKnownFileType = file.xib; path = GuitarNeckView.xib; sourceTree = "<group>"; };
		8B0EC4321F051A3100EE1489 /* Melody.h */ = {isa = PBXFileReference; fileEncoding = 4; lastKnownFileType = sourcecode.c.h; path = Melody.h; sourceTree = "<group>"; };
		8B0EC4331F051A3100EE1489 /* Melody.m */ = {isa = PBXFileReference; fileEncoding = 4; lastKnownFileType = sourcecode.c.objc; path = Melody.m; sourceTree = "<group>"; };
		8B0EC4351F051A7200EE1489 /* Lesson.h */ = {isa = PBXFileReference; fileEncoding = 4; lastKnownFileType = sourcecode.c.h; path = Lesson.h; sourceTree = "<group>"; };
		8B0EC4361F051A7200EE1489 /* Lesson.m */ = {isa = PBXFileReference; fileEncoding = 4; lastKnownFileType = sourcecode.c.objc; path = Lesson.m; sourceTree = "<group>"; };
		8B0EC4381F051A7E00EE1489 /* SongPunch.h */ = {isa = PBXFileReference; fileEncoding = 4; lastKnownFileType = sourcecode.c.h; path = SongPunch.h; sourceTree = "<group>"; };
		8B0EC4391F051A7E00EE1489 /* SongPunch.m */ = {isa = PBXFileReference; fileEncoding = 4; lastKnownFileType = sourcecode.c.objc; path = SongPunch.m; sourceTree = "<group>"; };
		8B0EC43C1F0529C200EE1489 /* UIView+Activity.h */ = {isa = PBXFileReference; fileEncoding = 4; lastKnownFileType = sourcecode.c.h; path = "UIView+Activity.h"; sourceTree = "<group>"; };
		8B0EC43D1F0529C200EE1489 /* UIView+Activity.m */ = {isa = PBXFileReference; fileEncoding = 4; lastKnownFileType = sourcecode.c.objc; path = "UIView+Activity.m"; sourceTree = "<group>"; };
		8B0EC4461F05480800EE1489 /* MainTabBarController.h */ = {isa = PBXFileReference; fileEncoding = 4; lastKnownFileType = sourcecode.c.h; path = MainTabBarController.h; sourceTree = "<group>"; };
		8B0EC4471F05480800EE1489 /* MainTabBarController.m */ = {isa = PBXFileReference; fileEncoding = 4; lastKnownFileType = sourcecode.c.objc; path = MainTabBarController.m; sourceTree = "<group>"; };
		8B0EC4491F05485800EE1489 /* BaseNavigationController.h */ = {isa = PBXFileReference; fileEncoding = 4; lastKnownFileType = sourcecode.c.h; path = BaseNavigationController.h; sourceTree = "<group>"; };
		8B0EC44A1F05485800EE1489 /* BaseNavigationController.m */ = {isa = PBXFileReference; fileEncoding = 4; lastKnownFileType = sourcecode.c.objc; path = BaseNavigationController.m; sourceTree = "<group>"; };
		8B0EC44D1F0548B100EE1489 /* BaseViewController.h */ = {isa = PBXFileReference; fileEncoding = 4; lastKnownFileType = sourcecode.c.h; path = BaseViewController.h; sourceTree = "<group>"; };
		8B0EC44E1F0548B100EE1489 /* BaseViewController.m */ = {isa = PBXFileReference; fileEncoding = 4; lastKnownFileType = sourcecode.c.objc; path = BaseViewController.m; sourceTree = "<group>"; };
		8B0EC4501F05565F00EE1489 /* SettingsViewController.h */ = {isa = PBXFileReference; fileEncoding = 4; lastKnownFileType = sourcecode.c.h; path = SettingsViewController.h; sourceTree = "<group>"; };
		8B0EC4511F05565F00EE1489 /* SettingsViewController.m */ = {isa = PBXFileReference; fileEncoding = 4; lastKnownFileType = sourcecode.c.objc; path = SettingsViewController.m; sourceTree = "<group>"; };
		8B0EC4531F05566F00EE1489 /* TunerViewController.h */ = {isa = PBXFileReference; fileEncoding = 4; lastKnownFileType = sourcecode.c.h; path = TunerViewController.h; sourceTree = "<group>"; };
		8B0EC4541F05566F00EE1489 /* TunerViewController.m */ = {isa = PBXFileReference; fileEncoding = 4; lastKnownFileType = sourcecode.c.objc; path = TunerViewController.m; sourceTree = "<group>"; };
		8B135DFC1F0E4B4500402817 /* CompletionPopupView.h */ = {isa = PBXFileReference; fileEncoding = 4; lastKnownFileType = sourcecode.c.h; path = CompletionPopupView.h; sourceTree = "<group>"; };
		8B135DFD1F0E4B4500402817 /* CompletionPopupView.m */ = {isa = PBXFileReference; fileEncoding = 4; lastKnownFileType = sourcecode.c.objc; path = CompletionPopupView.m; sourceTree = "<group>"; };
		8B135DFE1F0E4B4500402817 /* CompletionPopupView.xib */ = {isa = PBXFileReference; fileEncoding = 4; lastKnownFileType = file.xib; path = CompletionPopupView.xib; sourceTree = "<group>"; };
		8B1A94B91F0397B900E18BB7 /* FretX.app */ = {isa = PBXFileReference; explicitFileType = wrapper.application; includeInIndex = 0; path = FretX.app; sourceTree = BUILT_PRODUCTS_DIR; };
		8B1A94BD1F0397B900E18BB7 /* main.m */ = {isa = PBXFileReference; lastKnownFileType = sourcecode.c.objc; path = main.m; sourceTree = "<group>"; };
		8B1A94BF1F0397B900E18BB7 /* AppDelegate.h */ = {isa = PBXFileReference; lastKnownFileType = sourcecode.c.h; path = AppDelegate.h; sourceTree = "<group>"; };
		8B1A94C01F0397B900E18BB7 /* AppDelegate.m */ = {isa = PBXFileReference; lastKnownFileType = sourcecode.c.objc; path = AppDelegate.m; sourceTree = "<group>"; };
		8B1A94C81F0397B900E18BB7 /* Assets.xcassets */ = {isa = PBXFileReference; lastKnownFileType = folder.assetcatalog; path = Assets.xcassets; sourceTree = "<group>"; };
		8B1A94CD1F0397B900E18BB7 /* Info.plist */ = {isa = PBXFileReference; lastKnownFileType = text.plist.xml; path = Info.plist; sourceTree = "<group>"; };
		8B1A94DA1F039BDF00E18BB7 /* LearnProgrammsViewController.h */ = {isa = PBXFileReference; fileEncoding = 4; lastKnownFileType = sourcecode.c.h; path = LearnProgrammsViewController.h; sourceTree = "<group>"; };
		8B1A94DB1F039BDF00E18BB7 /* LearnProgrammsViewController.m */ = {isa = PBXFileReference; fileEncoding = 4; lastKnownFileType = sourcecode.c.objc; path = LearnProgrammsViewController.m; sourceTree = "<group>"; };
		8B1A94DD1F039C0200E18BB7 /* MelodiesViewController.h */ = {isa = PBXFileReference; fileEncoding = 4; lastKnownFileType = sourcecode.c.h; path = MelodiesViewController.h; sourceTree = "<group>"; };
		8B1A94DE1F039C0200E18BB7 /* MelodiesViewController.m */ = {isa = PBXFileReference; fileEncoding = 4; lastKnownFileType = sourcecode.c.objc; path = MelodiesViewController.m; sourceTree = "<group>"; };
		8B1A94E71F039CCB00E18BB7 /* Base */ = {isa = PBXFileReference; lastKnownFileType = file.storyboard; name = Base; path = Base.lproj/LaunchScreen.storyboard; sourceTree = "<group>"; };
		8B1A94E91F039E7500E18BB7 /* Melody.storyboard */ = {isa = PBXFileReference; fileEncoding = 4; lastKnownFileType = file.storyboard; path = Melody.storyboard; sourceTree = "<group>"; };
		8B1A94EB1F039EBB00E18BB7 /* Main.storyboard */ = {isa = PBXFileReference; fileEncoding = 4; lastKnownFileType = file.storyboard; path = Main.storyboard; sourceTree = "<group>"; };
		8B1A94ED1F039ED700E18BB7 /* Learn.storyboard */ = {isa = PBXFileReference; fileEncoding = 4; lastKnownFileType = file.storyboard; path = Learn.storyboard; sourceTree = "<group>"; };
		8B1A94EF1F039EE400E18BB7 /* Settings.storyboard */ = {isa = PBXFileReference; fileEncoding = 4; lastKnownFileType = file.storyboard; path = Settings.storyboard; sourceTree = "<group>"; };
		8B1A94F11F039EF300E18BB7 /* Tuner.storyboard */ = {isa = PBXFileReference; fileEncoding = 4; lastKnownFileType = file.storyboard; path = Tuner.storyboard; sourceTree = "<group>"; };
		8B1A94F41F03D02000E18BB7 /* MelodyTableCell.h */ = {isa = PBXFileReference; fileEncoding = 4; lastKnownFileType = sourcecode.c.h; path = MelodyTableCell.h; sourceTree = "<group>"; };
		8B1A94F51F03D02000E18BB7 /* MelodyTableCell.m */ = {isa = PBXFileReference; fileEncoding = 4; lastKnownFileType = sourcecode.c.objc; path = MelodyTableCell.m; sourceTree = "<group>"; };
		8B2AD7001F0F78B9000E7D33 /* ContentManager.h */ = {isa = PBXFileReference; fileEncoding = 4; lastKnownFileType = sourcecode.c.h; path = ContentManager.h; sourceTree = "<group>"; };
		8B2AD7011F0F78B9000E7D33 /* ContentManager.m */ = {isa = PBXFileReference; fileEncoding = 4; lastKnownFileType = sourcecode.c.objc; path = ContentManager.m; sourceTree = "<group>"; };
		8B2AD7041F0F8DE6000E7D33 /* NavigationManager.h */ = {isa = PBXFileReference; fileEncoding = 4; lastKnownFileType = sourcecode.c.h; path = NavigationManager.h; sourceTree = "<group>"; };
		8B2AD7051F0F8DE6000E7D33 /* NavigationManager.m */ = {isa = PBXFileReference; fileEncoding = 4; lastKnownFileType = sourcecode.c.objc; path = NavigationManager.m; sourceTree = "<group>"; };
		8B8F05A81F0CD5FD00BAADAC /* AdditionalControlsView.h */ = {isa = PBXFileReference; fileEncoding = 4; lastKnownFileType = sourcecode.c.h; path = AdditionalControlsView.h; sourceTree = "<group>"; };
		8B8F05A91F0CD5FD00BAADAC /* AdditionalControlsView.m */ = {isa = PBXFileReference; fileEncoding = 4; lastKnownFileType = sourcecode.c.objc; path = AdditionalControlsView.m; sourceTree = "<group>"; };
		8B8F05AB1F0CD63200BAADAC /* AdditionalControlsView.xib */ = {isa = PBXFileReference; fileEncoding = 4; lastKnownFileType = file.xib; path = AdditionalControlsView.xib; sourceTree = "<group>"; };
		8B8F05AE1F0D131A00BAADAC /* VideoEditor.h */ = {isa = PBXFileReference; fileEncoding = 4; lastKnownFileType = sourcecode.c.h; path = VideoEditor.h; sourceTree = "<group>"; };
		8B8F05AF1F0D131A00BAADAC /* VideoEditor.m */ = {isa = PBXFileReference; fileEncoding = 4; lastKnownFileType = sourcecode.c.objc; path = VideoEditor.m; sourceTree = "<group>"; };
		8BA7389E1F18ACCA0000D6D8 /* TimeConverter.h */ = {isa = PBXFileReference; fileEncoding = 4; lastKnownFileType = sourcecode.c.h; path = TimeConverter.h; sourceTree = "<group>"; };
		8BA7389F1F18ACCA0000D6D8 /* TimeConverter.m */ = {isa = PBXFileReference; fileEncoding = 4; lastKnownFileType = sourcecode.c.objc; path = TimeConverter.m; sourceTree = "<group>"; };
		8BA738A11F18C25B0000D6D8 /* TutorialStateView.h */ = {isa = PBXFileReference; fileEncoding = 4; lastKnownFileType = sourcecode.c.h; path = TutorialStateView.h; sourceTree = "<group>"; };
		8BA738A21F18C25B0000D6D8 /* TutorialStateView.m */ = {isa = PBXFileReference; fileEncoding = 4; lastKnownFileType = sourcecode.c.objc; path = TutorialStateView.m; sourceTree = "<group>"; };
		8BA738A41F18C2AD0000D6D8 /* TutorialStateView.xib */ = {isa = PBXFileReference; fileEncoding = 4; lastKnownFileType = file.xib; path = TutorialStateView.xib; sourceTree = "<group>"; };
		8BA738A71F18D5760000D6D8 /* DLRadioButton.h */ = {isa = PBXFileReference; fileEncoding = 4; lastKnownFileType = sourcecode.c.h; path = DLRadioButton.h; sourceTree = "<group>"; };
		8BA738A81F18D5760000D6D8 /* DLRadioButton.m */ = {isa = PBXFileReference; fileEncoding = 4; lastKnownFileType = sourcecode.c.objc; path = DLRadioButton.m; sourceTree = "<group>"; };
		8BA738AD1F190A4E0000D6D8 /* LedON.gif */ = {isa = PBXFileReference; lastKnownFileType = image.gif; path = LedON.gif; sourceTree = "<group>"; };
		8BEF699B1F1387A4005603C0 /* ProgrammTableCell.h */ = {isa = PBXFileReference; fileEncoding = 4; lastKnownFileType = sourcecode.c.h; path = ProgrammTableCell.h; sourceTree = "<group>"; };
		8BEF699C1F1387A4005603C0 /* ProgrammTableCell.m */ = {isa = PBXFileReference; fileEncoding = 4; lastKnownFileType = sourcecode.c.objc; path = ProgrammTableCell.m; sourceTree = "<group>"; };
		8BEF699E1F138BD9005603C0 /* ChordsViewController.h */ = {isa = PBXFileReference; fileEncoding = 4; lastKnownFileType = sourcecode.c.h; path = ChordsViewController.h; sourceTree = "<group>"; };
		8BEF699F1F138BD9005603C0 /* ChordsViewController.m */ = {isa = PBXFileReference; fileEncoding = 4; lastKnownFileType = sourcecode.c.objc; path = ChordsViewController.m; sourceTree = "<group>"; };
		8BEF69A11F138BF2005603C0 /* ScaleExercisesViewController.h */ = {isa = PBXFileReference; fileEncoding = 4; lastKnownFileType = sourcecode.c.h; path = ScaleExercisesViewController.h; sourceTree = "<group>"; };
		8BEF69A21F138BF2005603C0 /* ScaleExercisesViewController.m */ = {isa = PBXFileReference; fileEncoding = 4; lastKnownFileType = sourcecode.c.objc; path = ScaleExercisesViewController.m; sourceTree = "<group>"; };
		8BEF69A81F13927D005603C0 /* ItemsCollectionView.xib */ = {isa = PBXFileReference; fileEncoding = 4; lastKnownFileType = file.xib; path = ItemsCollectionView.xib; sourceTree = "<group>"; };
		8BEF69AA1F139321005603C0 /* ItemCollectionCell.h */ = {isa = PBXFileReference; fileEncoding = 4; lastKnownFileType = sourcecode.c.h; path = ItemCollectionCell.h; sourceTree = "<group>"; };
		8BEF69AB1F139321005603C0 /* ItemCollectionCell.m */ = {isa = PBXFileReference; fileEncoding = 4; lastKnownFileType = sourcecode.c.objc; path = ItemCollectionCell.m; sourceTree = "<group>"; };
		8BEF69AD1F139332005603C0 /* ItemCollectionCell.xib */ = {isa = PBXFileReference; fileEncoding = 4; lastKnownFileType = file.xib; path = ItemCollectionCell.xib; sourceTree = "<group>"; };
		8BEF69AF1F13ADF9005603C0 /* SongPunch+AudioProcessing.h */ = {isa = PBXFileReference; fileEncoding = 4; lastKnownFileType = sourcecode.c.h; path = "SongPunch+AudioProcessing.h"; sourceTree = "<group>"; };
		8BEF69B01F13ADF9005603C0 /* SongPunch+AudioProcessing.m */ = {isa = PBXFileReference; fileEncoding = 4; lastKnownFileType = sourcecode.c.objc; path = "SongPunch+AudioProcessing.m"; sourceTree = "<group>"; };
		8BEF69B41F13CCF8005603C0 /* ItemsCollectionView.h */ = {isa = PBXFileReference; fileEncoding = 4; lastKnownFileType = sourcecode.c.h; path = ItemsCollectionView.h; sourceTree = "<group>"; };
		8BEF69B51F13CCF8005603C0 /* ItemsCollectionView.m */ = {isa = PBXFileReference; fileEncoding = 4; lastKnownFileType = sourcecode.c.objc; path = ItemsCollectionView.m; sourceTree = "<group>"; };
		8BF3504A1F14B41200F920FA /* GuidedChordExercises.json */ = {isa = PBXFileReference; fileEncoding = 4; lastKnownFileType = text.json; path = GuidedChordExercises.json; sourceTree = "<group>"; };
		8BF3504D1F14B54600F920FA /* ChordExercise.h */ = {isa = PBXFileReference; fileEncoding = 4; lastKnownFileType = sourcecode.c.h; path = ChordExercise.h; sourceTree = "<group>"; };
		8BF3504E1F14B54600F920FA /* ChordExercise.m */ = {isa = PBXFileReference; fileEncoding = 4; lastKnownFileType = sourcecode.c.objc; path = ChordExercise.m; sourceTree = "<group>"; };
		8BF350501F14BD8700F920FA /* ChordExercisesViewController.h */ = {isa = PBXFileReference; fileEncoding = 4; lastKnownFileType = sourcecode.c.h; path = ChordExercisesViewController.h; sourceTree = "<group>"; };
		8BF350511F14BD8700F920FA /* ChordExercisesViewController.m */ = {isa = PBXFileReference; fileEncoding = 4; lastKnownFileType = sourcecode.c.objc; path = ChordExercisesViewController.m; sourceTree = "<group>"; };
		8BF350541F14C04700F920FA /* ChordExerciseViewController.h */ = {isa = PBXFileReference; fileEncoding = 4; lastKnownFileType = sourcecode.c.h; path = ChordExerciseViewController.h; sourceTree = "<group>"; };
		8BF350551F14C04700F920FA /* ChordExerciseViewController.m */ = {isa = PBXFileReference; fileEncoding = 4; lastKnownFileType = sourcecode.c.objc; path = ChordExerciseViewController.m; sourceTree = "<group>"; };
		8BF350581F14C0D100F920FA /* ExerciseTableCell.h */ = {isa = PBXFileReference; fileEncoding = 4; lastKnownFileType = sourcecode.c.h; path = ExerciseTableCell.h; sourceTree = "<group>"; };
		8BF350591F14C0D100F920FA /* ExerciseTableCell.m */ = {isa = PBXFileReference; fileEncoding = 4; lastKnownFileType = sourcecode.c.objc; path = ExerciseTableCell.m; sourceTree = "<group>"; };
		8BF350641F14F23C00F920FA /* ExercisesPopupView.h */ = {isa = PBXFileReference; fileEncoding = 4; lastKnownFileType = sourcecode.c.h; path = ExercisesPopupView.h; sourceTree = "<group>"; };
		8BF350651F14F23C00F920FA /* ExercisesPopupView.m */ = {isa = PBXFileReference; fileEncoding = 4; lastKnownFileType = sourcecode.c.objc; path = ExercisesPopupView.m; sourceTree = "<group>"; };
		8BF350671F14F26300F920FA /* ExercisesPopupView.xib */ = {isa = PBXFileReference; fileEncoding = 4; lastKnownFileType = file.xib; path = ExercisesPopupView.xib; sourceTree = "<group>"; };
		8BF350691F14F69D00F920FA /* FretXAudioProcessing.framework */ = {isa = PBXFileReference; lastKnownFileType = wrapper.framework; path = FretXAudioProcessing.framework; sourceTree = "<group>"; };
		8BF49A7A1F17B78E003565DD /* Onboarding.storyboard */ = {isa = PBXFileReference; fileEncoding = 4; lastKnownFileType = file.storyboard; path = Onboarding.storyboard; sourceTree = "<group>"; };
		8BF49A821F17B9B3003565DD /* MainSettingsViewController.h */ = {isa = PBXFileReference; fileEncoding = 4; lastKnownFileType = sourcecode.c.h; path = MainSettingsViewController.h; sourceTree = "<group>"; };
		8BF49A831F17B9B3003565DD /* MainSettingsViewController.m */ = {isa = PBXFileReference; fileEncoding = 4; lastKnownFileType = sourcecode.c.objc; path = MainSettingsViewController.m; sourceTree = "<group>"; };
		8BF49A851F17B9D3003565DD /* FretxKitViewController.h */ = {isa = PBXFileReference; fileEncoding = 4; lastKnownFileType = sourcecode.c.h; path = FretxKitViewController.h; sourceTree = "<group>"; };
		8BF49A861F17B9D3003565DD /* FretxKitViewController.m */ = {isa = PBXFileReference; fileEncoding = 4; lastKnownFileType = sourcecode.c.objc; path = FretxKitViewController.m; sourceTree = "<group>"; };
		8BF49A881F17B9F0003565DD /* VideoTutorialViewController.h */ = {isa = PBXFileReference; fileEncoding = 4; lastKnownFileType = sourcecode.c.h; path = VideoTutorialViewController.h; sourceTree = "<group>"; };
		8BF49A891F17B9F0003565DD /* VideoTutorialViewController.m */ = {isa = PBXFileReference; fileEncoding = 4; lastKnownFileType = sourcecode.c.objc; path = VideoTutorialViewController.m; sourceTree = "<group>"; };
		8BF49A8B1F17BA15003565DD /* BLEConnectionViewController.h */ = {isa = PBXFileReference; fileEncoding = 4; lastKnownFileType = sourcecode.c.h; path = BLEConnectionViewController.h; sourceTree = "<group>"; };
		8BF49A8C1F17BA15003565DD /* BLEConnectionViewController.m */ = {isa = PBXFileReference; fileEncoding = 4; lastKnownFileType = sourcecode.c.objc; path = BLEConnectionViewController.m; sourceTree = "<group>"; };
		8BF49A8E1F17BA55003565DD /* LightsTutorialViewController.h */ = {isa = PBXFileReference; fileEncoding = 4; lastKnownFileType = sourcecode.c.h; path = LightsTutorialViewController.h; sourceTree = "<group>"; };
		8BF49A8F1F17BA55003565DD /* LightsTutorialViewController.m */ = {isa = PBXFileReference; fileEncoding = 4; lastKnownFileType = sourcecode.c.objc; path = LightsTutorialViewController.m; sourceTree = "<group>"; };
		8BFB17041F0B8E25008A48C7 /* PlayerControlsView.h */ = {isa = PBXFileReference; fileEncoding = 4; lastKnownFileType = sourcecode.c.h; path = PlayerControlsView.h; sourceTree = "<group>"; };
		8BFB17051F0B8E25008A48C7 /* PlayerControlsView.m */ = {isa = PBXFileReference; fileEncoding = 4; lastKnownFileType = sourcecode.c.objc; path = PlayerControlsView.m; sourceTree = "<group>"; };
		8BFB17071F0B8EAE008A48C7 /* PlayerControlsView.xib */ = {isa = PBXFileReference; fileEncoding = 4; lastKnownFileType = file.xib; path = PlayerControlsView.xib; sourceTree = "<group>"; };
		8BFB170F1F0BC894008A48C7 /* ChordCollectionViewCell.h */ = {isa = PBXFileReference; fileEncoding = 4; lastKnownFileType = sourcecode.c.h; path = ChordCollectionViewCell.h; sourceTree = "<group>"; };
		8BFB17101F0BC894008A48C7 /* ChordCollectionViewCell.m */ = {isa = PBXFileReference; fileEncoding = 4; lastKnownFileType = sourcecode.c.objc; path = ChordCollectionViewCell.m; sourceTree = "<group>"; };
		8BFB17121F0BDEC1008A48C7 /* ChordCollectionViewCell.xib */ = {isa = PBXFileReference; fileEncoding = 4; lastKnownFileType = file.xib; path = ChordCollectionViewCell.xib; sourceTree = "<group>"; };
		8BFB17161F0BE5FC008A48C7 /* ChordsTimeLineView.h */ = {isa = PBXFileReference; fileEncoding = 4; lastKnownFileType = sourcecode.c.h; path = ChordsTimeLineView.h; sourceTree = "<group>"; };
		8BFB17171F0BE5FC008A48C7 /* ChordsTimeLineView.m */ = {isa = PBXFileReference; fileEncoding = 4; lastKnownFileType = sourcecode.c.objc; path = ChordsTimeLineView.m; sourceTree = "<group>"; };
		8BFB171F1F0BE7EC008A48C7 /* ChordsTimeLineView.xib */ = {isa = PBXFileReference; fileEncoding = 4; lastKnownFileType = file.xib; path = ChordsTimeLineView.xib; sourceTree = "<group>"; };
		8BFB72C01F160483000E9041 /* ChordTableCell.h */ = {isa = PBXFileReference; fileEncoding = 4; lastKnownFileType = sourcecode.c.h; path = ChordTableCell.h; sourceTree = "<group>"; };
		8BFB72C11F160483000E9041 /* ChordTableCell.m */ = {isa = PBXFileReference; fileEncoding = 4; lastKnownFileType = sourcecode.c.objc; path = ChordTableCell.m; sourceTree = "<group>"; };
		8BFB72C51F1604BD000E9041 /* ChordTableCell.xib */ = {isa = PBXFileReference; fileEncoding = 4; lastKnownFileType = file.xib; path = ChordTableCell.xib; sourceTree = "<group>"; };
		8BFB72C71F162044000E9041 /* CustomExerciseViewController.h */ = {isa = PBXFileReference; fileEncoding = 4; lastKnownFileType = sourcecode.c.h; path = CustomExerciseViewController.h; sourceTree = "<group>"; };
		8BFB72C81F162044000E9041 /* CustomExerciseViewController.m */ = {isa = PBXFileReference; fileEncoding = 4; lastKnownFileType = sourcecode.c.objc; path = CustomExerciseViewController.m; sourceTree = "<group>"; };
		8BFB72CA1F163DE6000E9041 /* CustomExercises.plist */ = {isa = PBXFileReference; fileEncoding = 4; lastKnownFileType = text.plist.xml; path = CustomExercises.plist; sourceTree = "<group>"; };
		DEFEB05092ADAB09FF940464 /* Pods-FretX.debug.xcconfig */ = {isa = PBXFileReference; includeInIndex = 1; lastKnownFileType = text.xcconfig; name = "Pods-FretX.debug.xcconfig"; path = "Pods/Target Support Files/Pods-FretX/Pods-FretX.debug.xcconfig"; sourceTree = "<group>"; };
/* End PBXFileReference section */

/* Begin PBXFrameworksBuildPhase section */
		8B1A94B61F0397B900E18BB7 /* Frameworks */ = {
			isa = PBXFrameworksBuildPhase;
			buildActionMask = 2147483647;
			files = (
				335F36C14EDF58C27D68420D /* Pods_FretX.framework in Frameworks */,
				77FF16A41F0E5D340013B09F /* FretxBLE.framework in Frameworks */,
				8BF3506B1F14F6A600F920FA /* FretXAudioProcessing.framework in Frameworks */,
			);
			runOnlyForDeploymentPostprocessing = 0;
		};
/* End PBXFrameworksBuildPhase section */

/* Begin PBXGroup section */
		6CD1BF451F0A7A9B000D8819 /* CustomClasses */ = {
			isa = PBXGroup;
			children = (
				6CD1BF461F0A7AA9000D8819 /* ToastHelper.h */,
				6CD1BF471F0A7AA9000D8819 /* ToastHelper.m */,
				6CD1BF481F0A7AA9000D8819 /* UIViewController+Alerts.h */,
				6CD1BF491F0A7AA9000D8819 /* UIViewController+Alerts.m */,
			);
			name = CustomClasses;
			sourceTree = "<group>";
		};
		6CD1BF4C1F0A86D8000D8819 /* SplashAndLogin */ = {
			isa = PBXGroup;
			children = (
				6CD1BF4D1F0A86F2000D8819 /* LoginActivity.h */,
				6CD1BF4E1F0A86F2000D8819 /* LoginActivity.m */,
				6CD1BF4F1F0A86F2000D8819 /* SplashScreens.h */,
				6CD1BF501F0A86F2000D8819 /* SplashScreens.m */,
			);
			name = SplashAndLogin;
			sourceTree = "<group>";
		};
		8B049C3E1F0A7F1A008BE4DC /* PlayYoutube */ = {
			isa = PBXGroup;
			children = (
				8B049C3F1F0A8364008BE4DC /* PlayYoutubeViewController.h */,
				8B049C401F0A8364008BE4DC /* PlayYoutubeViewController.m */,
			);
			path = PlayYoutube;
			sourceTree = "<group>";
		};
		8B0DF59A1F063D8000DB79B8 /* FingerPosition */ = {
			isa = PBXGroup;
			children = (
				8B0DF59B1F063D8000DB79B8 /* FingerPosition.h */,
				8B0DF59C1F063D8000DB79B8 /* FingerPosition.m */,
			);
			path = FingerPosition;
			sourceTree = "<group>";
		};
		8B0EC40D1F04E10500EE1489 /* Managers */ = {
			isa = PBXGroup;
			children = (
				8B2AD7031F0F8DD6000E7D33 /* NavigationManager */,
				8B2AD6FF1F0F78B9000E7D33 /* ContentManager */,
				8B0EC40E1F04E10500EE1489 /* RequestManager */,
			);
			path = Managers;
			sourceTree = "<group>";
		};
		8B0EC40E1F04E10500EE1489 /* RequestManager */ = {
			isa = PBXGroup;
			children = (
				8B0EC40F1F04E16300EE1489 /* RequestManager.h */,
				8B0EC4101F04E16300EE1489 /* RequestManager.m */,
			);
			path = RequestManager;
			sourceTree = "<group>";
		};
		8B0EC4141F04F22B00EE1489 /* MelodyChords */ = {
			isa = PBXGroup;
			children = (
				8B0EC4251F05080700EE1489 /* MelodyChordsViewController.h */,
				8B0EC4261F05080700EE1489 /* MelodyChordsViewController.m */,
			);
			path = MelodyChords;
			sourceTree = "<group>";
		};
		8B0EC4151F04F6C900EE1489 /* Utilities */ = {
			isa = PBXGroup;
			children = (
				8BA738A61F18D5760000D6D8 /* DLRadioButton */,
				8BA7389D1F18ACB20000D6D8 /* TimeConverter */,
				8B0EC43B1F0529C200EE1489 /* UIView+Activity */,
				8B0EC4161F04F6C900EE1489 /* Categories */,
			);
			path = Utilities;
			sourceTree = "<group>";
		};
		8B0EC4161F04F6C900EE1489 /* Categories */ = {
			isa = PBXGroup;
			children = (
				8B0EC4171F04F6C900EE1489 /* Safe */,
			);
			path = Categories;
			sourceTree = "<group>";
		};
		8B0EC4171F04F6C900EE1489 /* Safe */ = {
			isa = PBXGroup;
			children = (
				8B0EC4181F04F6C900EE1489 /* NSArray+Safe.h */,
				8B0EC4191F04F6C900EE1489 /* NSArray+Safe.m */,
				8B0EC41A1F04F6C900EE1489 /* NSDictionary+Safe.h */,
				8B0EC41B1F04F6C900EE1489 /* NSDictionary+Safe.m */,
				8B0EC41C1F04F6C900EE1489 /* NSMutableArray+Safe.h */,
				8B0EC41D1F04F6C900EE1489 /* NSMutableArray+Safe.m */,
				8B0EC41E1F04F6C900EE1489 /* NSMutableDictionary+Safe.h */,
				8B0EC41F1F04F6C900EE1489 /* NSMutableDictionary+Safe.m */,
				8B0EC4201F04F6C900EE1489 /* SafeCategories.h */,
			);
			path = Safe;
			sourceTree = "<group>";
		};
		8B0EC4281F0509CD00EE1489 /* Views */ = {
			isa = PBXGroup;
			children = (
				8BF49A911F17BDEA003565DD /* TutorialStateView */,
				8BF350631F14F1FA00F920FA /* ExercisesPopupView */,
				8BEF69A41F139251005603C0 /* ItemsCollectionView */,
				8B135DFB1F0E4B4500402817 /* CompletionPopupView */,
				8B8F05A71F0CD5D300BAADAC /* AdditionalControlsView */,
				8BFB17021F0B8DF3008A48C7 /* ChordsTimelIneView */,
				8BFB17031F0B8DF3008A48C7 /* PlayerControlsView */,
				8B1A08D61F0694BB0070F9D8 /* FretsProgressView */,
				8B0EC4291F0509CD00EE1489 /* GuitarNeckView */,
			);
			path = Views;
			sourceTree = "<group>";
		};
		8B0EC4291F0509CD00EE1489 /* GuitarNeckView */ = {
			isa = PBXGroup;
			children = (
				8B0EC42A1F0509ED00EE1489 /* GuitarNeckView.h */,
				8B0EC42B1F0509ED00EE1489 /* GuitarNeckView.m */,
				8B0EC42D1F050EFC00EE1489 /* GuitarNeckView.xib */,
			);
			path = GuitarNeckView;
			sourceTree = "<group>";
		};
		8B0EC42F1F051A3100EE1489 /* Lesson */ = {
			isa = PBXGroup;
			children = (
				8B0EC4301F051A3100EE1489 /* Chord */,
				8B0EC4351F051A7200EE1489 /* Lesson.h */,
				8B0EC4361F051A7200EE1489 /* Lesson.m */,
			);
			path = Lesson;
			sourceTree = "<group>";
		};
		8B0EC4301F051A3100EE1489 /* Chord */ = {
			isa = PBXGroup;
			children = (
				8B0DF59A1F063D8000DB79B8 /* FingerPosition */,
				8B0EC4381F051A7E00EE1489 /* SongPunch.h */,
				8B0EC4391F051A7E00EE1489 /* SongPunch.m */,
				8BEF69AF1F13ADF9005603C0 /* SongPunch+AudioProcessing.h */,
				8BEF69B01F13ADF9005603C0 /* SongPunch+AudioProcessing.m */,
			);
			path = Chord;
			sourceTree = "<group>";
		};
		8B0EC4311F051A3100EE1489 /* Melody */ = {
			isa = PBXGroup;
			children = (
				8B0EC4321F051A3100EE1489 /* Melody.h */,
				8B0EC4331F051A3100EE1489 /* Melody.m */,
			);
			path = Melody;
			sourceTree = "<group>";
		};
		8B0EC43B1F0529C200EE1489 /* UIView+Activity */ = {
			isa = PBXGroup;
			children = (
				8B0EC43C1F0529C200EE1489 /* UIView+Activity.h */,
				8B0EC43D1F0529C200EE1489 /* UIView+Activity.m */,
			);
			name = "UIView+Activity";
			path = "Categories/UIView+Activity";
			sourceTree = "<group>";
		};
		8B0EC4431F05480800EE1489 /* NavigationControllers */ = {
			isa = PBXGroup;
			children = (
				8B0EC4441F05480800EE1489 /* BaseNavigation */,
				8B0EC4451F05480800EE1489 /* TabBar */,
			);
			path = NavigationControllers;
			sourceTree = "<group>";
		};
		8B0EC4441F05480800EE1489 /* BaseNavigation */ = {
			isa = PBXGroup;
			children = (
				8B0EC4491F05485800EE1489 /* BaseNavigationController.h */,
				8B0EC44A1F05485800EE1489 /* BaseNavigationController.m */,
			);
			path = BaseNavigation;
			sourceTree = "<group>";
		};
		8B0EC4451F05480800EE1489 /* TabBar */ = {
			isa = PBXGroup;
			children = (
				8B0EC4461F05480800EE1489 /* MainTabBarController.h */,
				8B0EC4471F05480800EE1489 /* MainTabBarController.m */,
			);
			path = TabBar;
			sourceTree = "<group>";
		};
		8B0EC44C1F05487900EE1489 /* BaseController */ = {
			isa = PBXGroup;
			children = (
				8B0EC44D1F0548B100EE1489 /* BaseViewController.h */,
				8B0EC44E1F0548B100EE1489 /* BaseViewController.m */,
			);
			path = BaseController;
			sourceTree = "<group>";
		};
		8B135DFB1F0E4B4500402817 /* CompletionPopupView */ = {
			isa = PBXGroup;
			children = (
				8B135DFC1F0E4B4500402817 /* CompletionPopupView.h */,
				8B135DFD1F0E4B4500402817 /* CompletionPopupView.m */,
				8B135DFE1F0E4B4500402817 /* CompletionPopupView.xib */,
			);
			path = CompletionPopupView;
			sourceTree = "<group>";
		};
		8B1A08D61F0694BB0070F9D8 /* FretsProgressView */ = {
			isa = PBXGroup;
			children = (
				8B049C391F0A3C50008BE4DC /* FretsProgressView.h */,
				8B049C3A1F0A3C50008BE4DC /* FretsProgressView.m */,
				8B049C3C1F0A3C90008BE4DC /* FretsProgressView.xib */,
			);
			path = FretsProgressView;
			sourceTree = "<group>";
		};
		8B1A94B01F0397B800E18BB7 = {
			isa = PBXGroup;
			children = (
				8B1A94BB1F0397B900E18BB7 /* FretX */,
				8B1A94BA1F0397B900E18BB7 /* Products */,
				E4CA90D1C2255EB37D93FA3D /* Pods */,
				C2E7F2135872EE37F2A5CD7B /* Frameworks */,
				8B0EC4121F04E4A400EE1489 /* Podfile */,
			);
			sourceTree = "<group>";
		};
		8B1A94BA1F0397B900E18BB7 /* Products */ = {
			isa = PBXGroup;
			children = (
				8B1A94B91F0397B900E18BB7 /* FretX.app */,
			);
			name = Products;
			sourceTree = "<group>";
		};
		8B1A94BB1F0397B900E18BB7 /* FretX */ = {
			isa = PBXGroup;
			children = (
				8B1A94E61F039CCB00E18BB7 /* LaunchScreen.storyboard */,
				8B1A94BF1F0397B900E18BB7 /* AppDelegate.h */,
				8B1A94C01F0397B900E18BB7 /* AppDelegate.m */,
				8B1A94C81F0397B900E18BB7 /* Assets.xcassets */,
				6CD1BF451F0A7A9B000D8819 /* CustomClasses */,
				8B1A94D31F039B4500E18BB7 /* Core */,
				8B0EC4431F05480800EE1489 /* NavigationControllers */,
				8B1A94D51F039B4500E18BB7 /* ViewControllers */,
				8B0EC4151F04F6C900EE1489 /* Utilities */,
				8B1A94E31F039CB500E18BB7 /* Storyboards */,
				8B1A94CD1F0397B900E18BB7 /* Info.plist */,
				6CD1BF3D1F0A7A7F000D8819 /* GoogleService-Info.plist */,
				6CD1BF3E1F0A7A7F000D8819 /* Roboto-Italic.ttf */,
				6CD1BF3F1F0A7A7F000D8819 /* Roboto-Medium.ttf */,
				6CD1BF401F0A7A7F000D8819 /* Roboto-Regular.ttf */,
				8B1A94BC1F0397B900E18BB7 /* Supporting Files */,
			);
			path = FretX;
			sourceTree = "<group>";
		};
		8B1A94BC1F0397B900E18BB7 /* Supporting Files */ = {
			isa = PBXGroup;
			children = (
				8BA738AA1F190A0E0000D6D8 /* Content */,
				8BF3504A1F14B41200F920FA /* GuidedChordExercises.json */,
				8B1A94BD1F0397B900E18BB7 /* main.m */,
				8BFB72CA1F163DE6000E9041 /* CustomExercises.plist */,
			);
			name = "Supporting Files";
			sourceTree = "<group>";
		};
		8B1A94D31F039B4500E18BB7 /* Core */ = {
			isa = PBXGroup;
			children = (
				8B8F05AD1F0D12E800BAADAC /* VideoEditor */,
				8B0EC40D1F04E10500EE1489 /* Managers */,
				8B1A94F71F03D2C300E18BB7 /* Objects */,
			);
			path = Core;
			sourceTree = "<group>";
		};
		8B1A94D51F039B4500E18BB7 /* ViewControllers */ = {
			isa = PBXGroup;
			children = (
				8B0EC44C1F05487900EE1489 /* BaseController */,
				6CD1BF4C1F0A86D8000D8819 /* SplashAndLogin */,
				8B1A94D71F039B4500E18BB7 /* Melodies */,
				8B1A94D61F039B4500E18BB7 /* LearnProgramms */,
				8B1A94D81F039B4500E18BB7 /* Settings */,
				8B1A94D91F039B4500E18BB7 /* Tuner */,
				8BF49A7C1F17B96E003565DD /* Onboarding */,
			);
			path = ViewControllers;
			sourceTree = "<group>";
		};
		8B1A94D61F039B4500E18BB7 /* LearnProgramms */ = {
			isa = PBXGroup;
			children = (
				8BEF69961F13873F005603C0 /* Programms */,
				8B1A94DA1F039BDF00E18BB7 /* LearnProgrammsViewController.h */,
				8B1A94DB1F039BDF00E18BB7 /* LearnProgrammsViewController.m */,
				8BEF69951F13873F005603C0 /* Cell */,
			);
			path = LearnProgramms;
			sourceTree = "<group>";
		};
		8B1A94D71F039B4500E18BB7 /* Melodies */ = {
			isa = PBXGroup;
			children = (
				8B049C3E1F0A7F1A008BE4DC /* PlayYoutube */,
				8B0EC4141F04F22B00EE1489 /* MelodyChords */,
				8B1A94F31F03CFDA00E18BB7 /* Cells */,
				8B1A94DD1F039C0200E18BB7 /* MelodiesViewController.h */,
				8B1A94DE1F039C0200E18BB7 /* MelodiesViewController.m */,
			);
			path = Melodies;
			sourceTree = "<group>";
		};
		8B1A94D81F039B4500E18BB7 /* Settings */ = {
			isa = PBXGroup;
			children = (
				8B0EC4501F05565F00EE1489 /* SettingsViewController.h */,
				8B0EC4511F05565F00EE1489 /* SettingsViewController.m */,
			);
			path = Settings;
			sourceTree = "<group>";
		};
		8B1A94D91F039B4500E18BB7 /* Tuner */ = {
			isa = PBXGroup;
			children = (
				8B0EC4531F05566F00EE1489 /* TunerViewController.h */,
				8B0EC4541F05566F00EE1489 /* TunerViewController.m */,
			);
			path = Tuner;
			sourceTree = "<group>";
		};
		8B1A94E31F039CB500E18BB7 /* Storyboards */ = {
			isa = PBXGroup;
			children = (
				8B0EC4281F0509CD00EE1489 /* Views */,
				8B1A94EB1F039EBB00E18BB7 /* Main.storyboard */,
				8B1A94E91F039E7500E18BB7 /* Melody.storyboard */,
				8B1A94ED1F039ED700E18BB7 /* Learn.storyboard */,
				8B1A94EF1F039EE400E18BB7 /* Settings.storyboard */,
				8B1A94F11F039EF300E18BB7 /* Tuner.storyboard */,
				8BF49A7A1F17B78E003565DD /* Onboarding.storyboard */,
			);
			path = Storyboards;
			sourceTree = "<group>";
		};
		8B1A94F31F03CFDA00E18BB7 /* Cells */ = {
			isa = PBXGroup;
			children = (
				8B1A94F41F03D02000E18BB7 /* MelodyTableCell.h */,
				8B1A94F51F03D02000E18BB7 /* MelodyTableCell.m */,
			);
			path = Cells;
			sourceTree = "<group>";
		};
		8B1A94F71F03D2C300E18BB7 /* Objects */ = {
			isa = PBXGroup;
			children = (
				8BF3504C1F14B4DF00F920FA /* ChordExercise */,
				8B0EC42F1F051A3100EE1489 /* Lesson */,
				8B0EC4311F051A3100EE1489 /* Melody */,
			);
			path = Objects;
			sourceTree = "<group>";
		};
		8B2AD6FF1F0F78B9000E7D33 /* ContentManager */ = {
			isa = PBXGroup;
			children = (
				8B2AD7001F0F78B9000E7D33 /* ContentManager.h */,
				8B2AD7011F0F78B9000E7D33 /* ContentManager.m */,
			);
			path = ContentManager;
			sourceTree = "<group>";
		};
		8B2AD7031F0F8DD6000E7D33 /* NavigationManager */ = {
			isa = PBXGroup;
			children = (
				8B2AD7041F0F8DE6000E7D33 /* NavigationManager.h */,
				8B2AD7051F0F8DE6000E7D33 /* NavigationManager.m */,
			);
			path = NavigationManager;
			sourceTree = "<group>";
		};
		8B8F05A71F0CD5D300BAADAC /* AdditionalControlsView */ = {
			isa = PBXGroup;
			children = (
				8B8F05A81F0CD5FD00BAADAC /* AdditionalControlsView.h */,
				8B8F05A91F0CD5FD00BAADAC /* AdditionalControlsView.m */,
				8B8F05AB1F0CD63200BAADAC /* AdditionalControlsView.xib */,
			);
			path = AdditionalControlsView;
			sourceTree = "<group>";
		};
		8B8F05AD1F0D12E800BAADAC /* VideoEditor */ = {
			isa = PBXGroup;
			children = (
				8B8F05AE1F0D131A00BAADAC /* VideoEditor.h */,
				8B8F05AF1F0D131A00BAADAC /* VideoEditor.m */,
			);
			path = VideoEditor;
			sourceTree = "<group>";
		};
		8BA7389D1F18ACB20000D6D8 /* TimeConverter */ = {
			isa = PBXGroup;
			children = (
				8BA7389E1F18ACCA0000D6D8 /* TimeConverter.h */,
				8BA7389F1F18ACCA0000D6D8 /* TimeConverter.m */,
			);
			path = TimeConverter;
			sourceTree = "<group>";
		};
		8BA738A61F18D5760000D6D8 /* DLRadioButton */ = {
			isa = PBXGroup;
			children = (
				8BA738A71F18D5760000D6D8 /* DLRadioButton.h */,
				8BA738A81F18D5760000D6D8 /* DLRadioButton.m */,
			);
			path = DLRadioButton;
			sourceTree = "<group>";
		};
		8BA738AA1F190A0E0000D6D8 /* Content */ = {
			isa = PBXGroup;
			children = (
				8BA738AD1F190A4E0000D6D8 /* LedON.gif */,
			);
			path = Content;
			sourceTree = "<group>";
		};
		8BEF69951F13873F005603C0 /* Cell */ = {
			isa = PBXGroup;
			children = (
				8BEF699B1F1387A4005603C0 /* ProgrammTableCell.h */,
				8BEF699C1F1387A4005603C0 /* ProgrammTableCell.m */,
			);
			path = Cell;
			sourceTree = "<group>";
		};
		8BEF69961F13873F005603C0 /* Programms */ = {
			isa = PBXGroup;
			children = (
				8BEF69971F13873F005603C0 /* ChordExercises */,
				8BEF69981F13873F005603C0 /* Chords */,
				8BEF69991F13873F005603C0 /* CustomChordExercise */,
				8BEF699A1F13873F005603C0 /* ScaleExercises */,
			);
			path = Programms;
			sourceTree = "<group>";
		};
		8BEF69971F13873F005603C0 /* ChordExercises */ = {
			isa = PBXGroup;
			children = (
				8BF350531F14C01B00F920FA /* ChordExercise */,
				8BF350501F14BD8700F920FA /* ChordExercisesViewController.h */,
				8BF350511F14BD8700F920FA /* ChordExercisesViewController.m */,
				8BF350571F14C0A100F920FA /* Cell */,
			);
			path = ChordExercises;
			sourceTree = "<group>";
		};
		8BEF69981F13873F005603C0 /* Chords */ = {
			isa = PBXGroup;
			children = (
				8BEF699E1F138BD9005603C0 /* ChordsViewController.h */,
				8BEF699F1F138BD9005603C0 /* ChordsViewController.m */,
			);
			path = Chords;
			sourceTree = "<group>";
		};
		8BEF69991F13873F005603C0 /* CustomChordExercise */ = {
			isa = PBXGroup;
			children = (
				8BFB72C71F162044000E9041 /* CustomExerciseViewController.h */,
				8BFB72C81F162044000E9041 /* CustomExerciseViewController.m */,
			);
			path = CustomChordExercise;
			sourceTree = "<group>";
		};
		8BEF699A1F13873F005603C0 /* ScaleExercises */ = {
			isa = PBXGroup;
			children = (
				8BEF69A11F138BF2005603C0 /* ScaleExercisesViewController.h */,
				8BEF69A21F138BF2005603C0 /* ScaleExercisesViewController.m */,
			);
			path = ScaleExercises;
			sourceTree = "<group>";
		};
		8BEF69A41F139251005603C0 /* ItemsCollectionView */ = {
			isa = PBXGroup;
			children = (
				8BEF69B41F13CCF8005603C0 /* ItemsCollectionView.h */,
				8BEF69B51F13CCF8005603C0 /* ItemsCollectionView.m */,
				8BEF69A81F13927D005603C0 /* ItemsCollectionView.xib */,
				8BEF69AA1F139321005603C0 /* ItemCollectionCell.h */,
				8BEF69AB1F139321005603C0 /* ItemCollectionCell.m */,
				8BEF69AD1F139332005603C0 /* ItemCollectionCell.xib */,
			);
			path = ItemsCollectionView;
			sourceTree = "<group>";
		};
		8BF3504C1F14B4DF00F920FA /* ChordExercise */ = {
			isa = PBXGroup;
			children = (
				8BF3504D1F14B54600F920FA /* ChordExercise.h */,
				8BF3504E1F14B54600F920FA /* ChordExercise.m */,
			);
			path = ChordExercise;
			sourceTree = "<group>";
		};
		8BF350531F14C01B00F920FA /* ChordExercise */ = {
			isa = PBXGroup;
			children = (
				8BF350541F14C04700F920FA /* ChordExerciseViewController.h */,
				8BF350551F14C04700F920FA /* ChordExerciseViewController.m */,
			);
			path = ChordExercise;
			sourceTree = "<group>";
		};
		8BF350571F14C0A100F920FA /* Cell */ = {
			isa = PBXGroup;
			children = (
				8BF350581F14C0D100F920FA /* ExerciseTableCell.h */,
				8BF350591F14C0D100F920FA /* ExerciseTableCell.m */,
			);
			path = Cell;
			sourceTree = "<group>";
		};
		8BF350631F14F1FA00F920FA /* ExercisesPopupView */ = {
			isa = PBXGroup;
			children = (
				8BFB72BF1F16043D000E9041 /* Cell */,
				8BF350641F14F23C00F920FA /* ExercisesPopupView.h */,
				8BF350651F14F23C00F920FA /* ExercisesPopupView.m */,
				8BF350671F14F26300F920FA /* ExercisesPopupView.xib */,
			);
			path = ExercisesPopupView;
			sourceTree = "<group>";
		};
		8BF49A7C1F17B96E003565DD /* Onboarding */ = {
			isa = PBXGroup;
			children = (
				8BF49A801F17B96E003565DD /* MainSettings */,
				8BF49A7E1F17B96E003565DD /* FretxKit */,
				8BF49A811F17B96E003565DD /* VideoTutorial */,
				8BF49A7D1F17B96E003565DD /* BLEConnection */,
				8BF49A7F1F17B96E003565DD /* LightsTutorial */,
			);
			path = Onboarding;
			sourceTree = "<group>";
		};
		8BF49A7D1F17B96E003565DD /* BLEConnection */ = {
			isa = PBXGroup;
			children = (
				8BF49A8B1F17BA15003565DD /* BLEConnectionViewController.h */,
				8BF49A8C1F17BA15003565DD /* BLEConnectionViewController.m */,
			);
			path = BLEConnection;
			sourceTree = "<group>";
		};
		8BF49A7E1F17B96E003565DD /* FretxKit */ = {
			isa = PBXGroup;
			children = (
				8BF49A851F17B9D3003565DD /* FretxKitViewController.h */,
				8BF49A861F17B9D3003565DD /* FretxKitViewController.m */,
			);
			path = FretxKit;
			sourceTree = "<group>";
		};
		8BF49A7F1F17B96E003565DD /* LightsTutorial */ = {
			isa = PBXGroup;
			children = (
				8BF49A8E1F17BA55003565DD /* LightsTutorialViewController.h */,
				8BF49A8F1F17BA55003565DD /* LightsTutorialViewController.m */,
			);
			path = LightsTutorial;
			sourceTree = "<group>";
		};
		8BF49A801F17B96E003565DD /* MainSettings */ = {
			isa = PBXGroup;
			children = (
				8BF49A821F17B9B3003565DD /* MainSettingsViewController.h */,
				8BF49A831F17B9B3003565DD /* MainSettingsViewController.m */,
			);
			path = MainSettings;
			sourceTree = "<group>";
		};
		8BF49A811F17B96E003565DD /* VideoTutorial */ = {
			isa = PBXGroup;
			children = (
				8BF49A881F17B9F0003565DD /* VideoTutorialViewController.h */,
				8BF49A891F17B9F0003565DD /* VideoTutorialViewController.m */,
			);
			path = VideoTutorial;
			sourceTree = "<group>";
		};
		8BF49A911F17BDEA003565DD /* TutorialStateView */ = {
			isa = PBXGroup;
			children = (
				8BA738A11F18C25B0000D6D8 /* TutorialStateView.h */,
				8BA738A21F18C25B0000D6D8 /* TutorialStateView.m */,
				8BA738A41F18C2AD0000D6D8 /* TutorialStateView.xib */,
			);
			path = TutorialStateView;
			sourceTree = "<group>";
		};
		8BFB17021F0B8DF3008A48C7 /* ChordsTimelIneView */ = {
			isa = PBXGroup;
			children = (
				8BFB17161F0BE5FC008A48C7 /* ChordsTimeLineView.h */,
				8BFB17171F0BE5FC008A48C7 /* ChordsTimeLineView.m */,
				8BFB171F1F0BE7EC008A48C7 /* ChordsTimeLineView.xib */,
				8BFB170E1F0BC875008A48C7 /* Cell */,
			);
			path = ChordsTimelIneView;
			sourceTree = "<group>";
		};
		8BFB17031F0B8DF3008A48C7 /* PlayerControlsView */ = {
			isa = PBXGroup;
			children = (
				8BFB17041F0B8E25008A48C7 /* PlayerControlsView.h */,
				8BFB17051F0B8E25008A48C7 /* PlayerControlsView.m */,
				8BFB17071F0B8EAE008A48C7 /* PlayerControlsView.xib */,
			);
			path = PlayerControlsView;
			sourceTree = "<group>";
		};
		8BFB170E1F0BC875008A48C7 /* Cell */ = {
			isa = PBXGroup;
			children = (
				8BFB170F1F0BC894008A48C7 /* ChordCollectionViewCell.h */,
				8BFB17101F0BC894008A48C7 /* ChordCollectionViewCell.m */,
				8BFB17121F0BDEC1008A48C7 /* ChordCollectionViewCell.xib */,
			);
			path = Cell;
			sourceTree = "<group>";
		};
		8BFB72BF1F16043D000E9041 /* Cell */ = {
			isa = PBXGroup;
			children = (
				8BFB72C01F160483000E9041 /* ChordTableCell.h */,
				8BFB72C11F160483000E9041 /* ChordTableCell.m */,
				8BFB72C51F1604BD000E9041 /* ChordTableCell.xib */,
			);
			path = Cell;
			sourceTree = "<group>";
		};
		C2E7F2135872EE37F2A5CD7B /* Frameworks */ = {
			isa = PBXGroup;
			children = (
				8BF350691F14F69D00F920FA /* FretXAudioProcessing.framework */,
				77FF16A01F0E3DCA0013B09F /* FretxBLE.framework */,
				812D127868654BE666A0B042 /* Pods_FretX.framework */,
			);
			name = Frameworks;
			sourceTree = "<group>";
		};
		E4CA90D1C2255EB37D93FA3D /* Pods */ = {
			isa = PBXGroup;
			children = (
				DEFEB05092ADAB09FF940464 /* Pods-FretX.debug.xcconfig */,
				7C91B822DE9AABBA4E976CDB /* Pods-FretX.release.xcconfig */,
			);
			name = Pods;
			sourceTree = "<group>";
		};
/* End PBXGroup section */

/* Begin PBXNativeTarget section */
		8B1A94B81F0397B900E18BB7 /* FretX */ = {
			isa = PBXNativeTarget;
			buildConfigurationList = 8B1A94D01F0397B900E18BB7 /* Build configuration list for PBXNativeTarget "FretX" */;
			buildPhases = (
				6C72389968B719AB6AE85CCA /* [CP] Check Pods Manifest.lock */,
				8B1A94B51F0397B900E18BB7 /* Sources */,
				8B1A94B61F0397B900E18BB7 /* Frameworks */,
				8B1A94B71F0397B900E18BB7 /* Resources */,
				6A1E31B6CD2B6B34BFBB8AC1 /* [CP] Embed Pods Frameworks */,
				8F8A1A49A1CA2C2C7CAE6AA9 /* [CP] Copy Pods Resources */,
				77FF16A61F0E5D340013B09F /* Embed Frameworks */,
			);
			buildRules = (
			);
			dependencies = (
			);
			name = FretX;
			productName = FretX;
			productReference = 8B1A94B91F0397B900E18BB7 /* FretX.app */;
			productType = "com.apple.product-type.application";
		};
/* End PBXNativeTarget section */

/* Begin PBXProject section */
		8B1A94B11F0397B800E18BB7 /* Project object */ = {
			isa = PBXProject;
			attributes = {
				LastUpgradeCheck = 0830;
				ORGANIZATIONNAME = Developer;
				TargetAttributes = {
					8B1A94B81F0397B900E18BB7 = {
						CreatedOnToolsVersion = 8.3.3;
						DevelopmentTeam = FWWN2RQ9Y2;
						ProvisioningStyle = Automatic;
					};
				};
			};
			buildConfigurationList = 8B1A94B41F0397B800E18BB7 /* Build configuration list for PBXProject "FretX" */;
			compatibilityVersion = "Xcode 3.2";
			developmentRegion = English;
			hasScannedForEncodings = 0;
			knownRegions = (
				en,
				Base,
			);
			mainGroup = 8B1A94B01F0397B800E18BB7;
			productRefGroup = 8B1A94BA1F0397B900E18BB7 /* Products */;
			projectDirPath = "";
			projectRoot = "";
			targets = (
				8B1A94B81F0397B900E18BB7 /* FretX */,
			);
		};
/* End PBXProject section */

/* Begin PBXResourcesBuildPhase section */
		8B1A94B71F0397B900E18BB7 /* Resources */ = {
			isa = PBXResourcesBuildPhase;
			buildActionMask = 2147483647;
			files = (
				8B049C3D1F0A3C90008BE4DC /* FretsProgressView.xib in Resources */,
				8B8F05AC1F0CD63200BAADAC /* AdditionalControlsView.xib in Resources */,
				8B1A94E81F039CCB00E18BB7 /* LaunchScreen.storyboard in Resources */,
				8BF49A7B1F17B78E003565DD /* Onboarding.storyboard in Resources */,
				8B1A94EA1F039E7500E18BB7 /* Melody.storyboard in Resources */,
				8B0EC4131F04E4A400EE1489 /* Podfile in Resources */,
				8BA738A51F18C2AD0000D6D8 /* TutorialStateView.xib in Resources */,
				8BA738AE1F190A4E0000D6D8 /* LedON.gif in Resources */,
				8B1A94EE1F039ED700E18BB7 /* Learn.storyboard in Resources */,
				8B1A94F21F039EF300E18BB7 /* Tuner.storyboard in Resources */,
				8B1A94F01F039EE500E18BB7 /* Settings.storyboard in Resources */,
				8BFB17131F0BDEC1008A48C7 /* ChordCollectionViewCell.xib in Resources */,
				8BEF69A91F13927D005603C0 /* ItemsCollectionView.xib in Resources */,
				8BF3504B1F14B41200F920FA /* GuidedChordExercises.json in Resources */,
				8BFB72C61F1604BD000E9041 /* ChordTableCell.xib in Resources */,
				8B1A94C91F0397B900E18BB7 /* Assets.xcassets in Resources */,
				6CD1BF411F0A7A7F000D8819 /* GoogleService-Info.plist in Resources */,
				6CD1BF431F0A7A7F000D8819 /* Roboto-Medium.ttf in Resources */,
				8B1A94EC1F039EBB00E18BB7 /* Main.storyboard in Resources */,
				6CD1BF441F0A7A7F000D8819 /* Roboto-Regular.ttf in Resources */,
				8BF350681F14F26300F920FA /* ExercisesPopupView.xib in Resources */,
				8BEF69AE1F139332005603C0 /* ItemCollectionCell.xib in Resources */,
				6CD1BF421F0A7A7F000D8819 /* Roboto-Italic.ttf in Resources */,
				8B0EC42E1F050EFC00EE1489 /* GuitarNeckView.xib in Resources */,
				8BFB72CB1F163DE6000E9041 /* CustomExercises.plist in Resources */,
				8B135E001F0E4B4500402817 /* CompletionPopupView.xib in Resources */,
				8BFB17081F0B8EAE008A48C7 /* PlayerControlsView.xib in Resources */,
				8BFB17201F0BE7EC008A48C7 /* ChordsTimeLineView.xib in Resources */,
			);
			runOnlyForDeploymentPostprocessing = 0;
		};
/* End PBXResourcesBuildPhase section */

/* Begin PBXShellScriptBuildPhase section */
		6A1E31B6CD2B6B34BFBB8AC1 /* [CP] Embed Pods Frameworks */ = {
			isa = PBXShellScriptBuildPhase;
			buildActionMask = 2147483647;
			files = (
			);
			inputPaths = (
			);
			name = "[CP] Embed Pods Frameworks";
			outputPaths = (
			);
			runOnlyForDeploymentPostprocessing = 0;
			shellPath = /bin/sh;
			shellScript = "\"${SRCROOT}/Pods/Target Support Files/Pods-FretX/Pods-FretX-frameworks.sh\"\n";
			showEnvVarsInLog = 0;
		};
		6C72389968B719AB6AE85CCA /* [CP] Check Pods Manifest.lock */ = {
			isa = PBXShellScriptBuildPhase;
			buildActionMask = 2147483647;
			files = (
			);
			inputPaths = (
			);
			name = "[CP] Check Pods Manifest.lock";
			outputPaths = (
			);
			runOnlyForDeploymentPostprocessing = 0;
			shellPath = /bin/sh;
			shellScript = "diff \"${PODS_ROOT}/../Podfile.lock\" \"${PODS_ROOT}/Manifest.lock\" > /dev/null\nif [ $? != 0 ] ; then\n    # print error to STDERR\n    echo \"error: The sandbox is not in sync with the Podfile.lock. Run 'pod install' or update your CocoaPods installation.\" >&2\n    exit 1\nfi\n";
			showEnvVarsInLog = 0;
		};
		8F8A1A49A1CA2C2C7CAE6AA9 /* [CP] Copy Pods Resources */ = {
			isa = PBXShellScriptBuildPhase;
			buildActionMask = 2147483647;
			files = (
			);
			inputPaths = (
			);
			name = "[CP] Copy Pods Resources";
			outputPaths = (
			);
			runOnlyForDeploymentPostprocessing = 0;
			shellPath = /bin/sh;
			shellScript = "\"${SRCROOT}/Pods/Target Support Files/Pods-FretX/Pods-FretX-resources.sh\"\n";
			showEnvVarsInLog = 0;
		};
/* End PBXShellScriptBuildPhase section */

/* Begin PBXSourcesBuildPhase section */
		8B1A94B51F0397B900E18BB7 /* Sources */ = {
			isa = PBXSourcesBuildPhase;
			buildActionMask = 2147483647;
			files = (
				8BF350561F14C04700F920FA /* ChordExerciseViewController.m in Sources */,
				8B049C411F0A8364008BE4DC /* PlayYoutubeViewController.m in Sources */,
				8BEF699D1F1387A4005603C0 /* ProgrammTableCell.m in Sources */,
				8BEF69B11F13ADF9005603C0 /* SongPunch+AudioProcessing.m in Sources */,
				8B135DFF1F0E4B4500402817 /* CompletionPopupView.m in Sources */,
				8BFB72C91F162044000E9041 /* CustomExerciseViewController.m in Sources */,
				8B2AD7021F0F78B9000E7D33 /* ContentManager.m in Sources */,
				8BFB17111F0BC894008A48C7 /* ChordCollectionViewCell.m in Sources */,
				8BA738A01F18ACCA0000D6D8 /* TimeConverter.m in Sources */,
				8B0EC44F1F0548B100EE1489 /* BaseViewController.m in Sources */,
				8B0EC4271F05080700EE1489 /* MelodyChordsViewController.m in Sources */,
				8BFB17191F0BE5FC008A48C7 /* ChordsTimeLineView.m in Sources */,
				8B0EC4241F04F6C900EE1489 /* NSMutableDictionary+Safe.m in Sources */,
				8B0EC43A1F051A7E00EE1489 /* SongPunch.m in Sources */,
				8BF49A871F17B9D3003565DD /* FretxKitViewController.m in Sources */,
				8BFB17061F0B8E25008A48C7 /* PlayerControlsView.m in Sources */,
				8B0EC4551F05566F00EE1489 /* TunerViewController.m in Sources */,
				8BEF69B61F13CCF8005603C0 /* ItemsCollectionView.m in Sources */,
				8B1A94DF1F039C0200E18BB7 /* MelodiesViewController.m in Sources */,
				6CD1BF4A1F0A7AA9000D8819 /* ToastHelper.m in Sources */,
				8B0EC43E1F0529C200EE1489 /* UIView+Activity.m in Sources */,
				8BEF69A31F138BF2005603C0 /* ScaleExercisesViewController.m in Sources */,
				8BF49A901F17BA55003565DD /* LightsTutorialViewController.m in Sources */,
				8B0EC4211F04F6C900EE1489 /* NSArray+Safe.m in Sources */,
				8B0EC4521F05565F00EE1489 /* SettingsViewController.m in Sources */,
				8BF49A841F17B9B3003565DD /* MainSettingsViewController.m in Sources */,
				8B0EC4221F04F6C900EE1489 /* NSDictionary+Safe.m in Sources */,
				8B1A94C11F0397B900E18BB7 /* AppDelegate.m in Sources */,
				8BF3504F1F14B54600F920FA /* ChordExercise.m in Sources */,
				8BF350521F14BD8700F920FA /* ChordExercisesViewController.m in Sources */,
				8B0EC42C1F0509ED00EE1489 /* GuitarNeckView.m in Sources */,
				8BA738A91F18D5760000D6D8 /* DLRadioButton.m in Sources */,
				8B8F05B01F0D131A00BAADAC /* VideoEditor.m in Sources */,
				6CD1BF511F0A86F2000D8819 /* LoginActivity.m in Sources */,
				8B1A94BE1F0397B900E18BB7 /* main.m in Sources */,
				8B0EC4481F05480800EE1489 /* MainTabBarController.m in Sources */,
				6CD1BF4B1F0A7AA9000D8819 /* UIViewController+Alerts.m in Sources */,
				8B0EC4231F04F6C900EE1489 /* NSMutableArray+Safe.m in Sources */,
				8B2AD7061F0F8DE6000E7D33 /* NavigationManager.m in Sources */,
				8BEF69A01F138BD9005603C0 /* ChordsViewController.m in Sources */,
				8BF3505A1F14C0D100F920FA /* ExerciseTableCell.m in Sources */,
				8BFB72C21F160483000E9041 /* ChordTableCell.m in Sources */,
				8BEF69AC1F139321005603C0 /* ItemCollectionCell.m in Sources */,
				8B8F05AA1F0CD5FD00BAADAC /* AdditionalControlsView.m in Sources */,
				8B1A94F61F03D02000E18BB7 /* MelodyTableCell.m in Sources */,
				8BF49A8A1F17B9F0003565DD /* VideoTutorialViewController.m in Sources */,
				8B1A94DC1F039BDF00E18BB7 /* LearnProgrammsViewController.m in Sources */,
				8B0EC44B1F05485800EE1489 /* BaseNavigationController.m in Sources */,
				8B0EC4371F051A7200EE1489 /* Lesson.m in Sources */,
				8BF350661F14F23C00F920FA /* ExercisesPopupView.m in Sources */,
				8B0EC4111F04E16300EE1489 /* RequestManager.m in Sources */,
				8B0EC4341F051A3100EE1489 /* Melody.m in Sources */,
				6CD1BF521F0A86F2000D8819 /* SplashScreens.m in Sources */,
				8B049C3B1F0A3C50008BE4DC /* FretsProgressView.m in Sources */,
				8BF49A8D1F17BA15003565DD /* BLEConnectionViewController.m in Sources */,
				8BA738A31F18C25B0000D6D8 /* TutorialStateView.m in Sources */,
				8B0DF59D1F063D8000DB79B8 /* FingerPosition.m in Sources */,
			);
			runOnlyForDeploymentPostprocessing = 0;
		};
/* End PBXSourcesBuildPhase section */

/* Begin PBXVariantGroup section */
		8B1A94E61F039CCB00E18BB7 /* LaunchScreen.storyboard */ = {
			isa = PBXVariantGroup;
			children = (
				8B1A94E71F039CCB00E18BB7 /* Base */,
			);
			name = LaunchScreen.storyboard;
			sourceTree = "<group>";
		};
/* End PBXVariantGroup section */

/* Begin XCBuildConfiguration section */
		8B1A94CE1F0397B900E18BB7 /* Debug */ = {
			isa = XCBuildConfiguration;
			buildSettings = {
				ALWAYS_SEARCH_USER_PATHS = NO;
				CLANG_ANALYZER_NONNULL = YES;
				CLANG_ANALYZER_NUMBER_OBJECT_CONVERSION = YES_AGGRESSIVE;
				CLANG_CXX_LANGUAGE_STANDARD = "gnu++0x";
				CLANG_CXX_LIBRARY = "libc++";
				CLANG_ENABLE_MODULES = YES;
				CLANG_ENABLE_OBJC_ARC = YES;
				CLANG_WARN_BOOL_CONVERSION = YES;
				CLANG_WARN_CONSTANT_CONVERSION = YES;
				CLANG_WARN_DIRECT_OBJC_ISA_USAGE = YES_ERROR;
				CLANG_WARN_DOCUMENTATION_COMMENTS = YES;
				CLANG_WARN_EMPTY_BODY = YES;
				CLANG_WARN_ENUM_CONVERSION = YES;
				CLANG_WARN_INFINITE_RECURSION = YES;
				CLANG_WARN_INT_CONVERSION = YES;
				CLANG_WARN_OBJC_ROOT_CLASS = YES_ERROR;
				CLANG_WARN_SUSPICIOUS_MOVE = YES;
				CLANG_WARN_UNREACHABLE_CODE = YES;
				CLANG_WARN__DUPLICATE_METHOD_MATCH = YES;
				"CODE_SIGN_IDENTITY[sdk=iphoneos*]" = "iPhone Developer";
				COPY_PHASE_STRIP = NO;
				DEBUG_INFORMATION_FORMAT = dwarf;
				ENABLE_STRICT_OBJC_MSGSEND = YES;
				ENABLE_TESTABILITY = YES;
				GCC_C_LANGUAGE_STANDARD = gnu99;
				GCC_DYNAMIC_NO_PIC = NO;
				GCC_NO_COMMON_BLOCKS = YES;
				GCC_OPTIMIZATION_LEVEL = 0;
				GCC_PREPROCESSOR_DEFINITIONS = (
					"DEBUG=1",
					"$(inherited)",
				);
				GCC_WARN_64_TO_32_BIT_CONVERSION = YES;
				GCC_WARN_ABOUT_RETURN_TYPE = YES_ERROR;
				GCC_WARN_UNDECLARED_SELECTOR = YES;
				GCC_WARN_UNINITIALIZED_AUTOS = YES_AGGRESSIVE;
				GCC_WARN_UNUSED_FUNCTION = YES;
				GCC_WARN_UNUSED_VARIABLE = YES;
				IPHONEOS_DEPLOYMENT_TARGET = 10.3;
				MTL_ENABLE_DEBUG_INFO = YES;
				ONLY_ACTIVE_ARCH = YES;
				SDKROOT = iphoneos;
				TARGETED_DEVICE_FAMILY = "1,2";
			};
			name = Debug;
		};
		8B1A94CF1F0397B900E18BB7 /* Release */ = {
			isa = XCBuildConfiguration;
			buildSettings = {
				ALWAYS_SEARCH_USER_PATHS = NO;
				CLANG_ANALYZER_NONNULL = YES;
				CLANG_ANALYZER_NUMBER_OBJECT_CONVERSION = YES_AGGRESSIVE;
				CLANG_CXX_LANGUAGE_STANDARD = "gnu++0x";
				CLANG_CXX_LIBRARY = "libc++";
				CLANG_ENABLE_MODULES = YES;
				CLANG_ENABLE_OBJC_ARC = YES;
				CLANG_WARN_BOOL_CONVERSION = YES;
				CLANG_WARN_CONSTANT_CONVERSION = YES;
				CLANG_WARN_DIRECT_OBJC_ISA_USAGE = YES_ERROR;
				CLANG_WARN_DOCUMENTATION_COMMENTS = YES;
				CLANG_WARN_EMPTY_BODY = YES;
				CLANG_WARN_ENUM_CONVERSION = YES;
				CLANG_WARN_INFINITE_RECURSION = YES;
				CLANG_WARN_INT_CONVERSION = YES;
				CLANG_WARN_OBJC_ROOT_CLASS = YES_ERROR;
				CLANG_WARN_SUSPICIOUS_MOVE = YES;
				CLANG_WARN_UNREACHABLE_CODE = YES;
				CLANG_WARN__DUPLICATE_METHOD_MATCH = YES;
				"CODE_SIGN_IDENTITY[sdk=iphoneos*]" = "iPhone Developer";
				COPY_PHASE_STRIP = NO;
				DEBUG_INFORMATION_FORMAT = "dwarf-with-dsym";
				ENABLE_NS_ASSERTIONS = NO;
				ENABLE_STRICT_OBJC_MSGSEND = YES;
				GCC_C_LANGUAGE_STANDARD = gnu99;
				GCC_NO_COMMON_BLOCKS = YES;
				GCC_WARN_64_TO_32_BIT_CONVERSION = YES;
				GCC_WARN_ABOUT_RETURN_TYPE = YES_ERROR;
				GCC_WARN_UNDECLARED_SELECTOR = YES;
				GCC_WARN_UNINITIALIZED_AUTOS = YES_AGGRESSIVE;
				GCC_WARN_UNUSED_FUNCTION = YES;
				GCC_WARN_UNUSED_VARIABLE = YES;
				IPHONEOS_DEPLOYMENT_TARGET = 10.3;
				MTL_ENABLE_DEBUG_INFO = NO;
				SDKROOT = iphoneos;
				TARGETED_DEVICE_FAMILY = "1,2";
				VALIDATE_PRODUCT = YES;
			};
			name = Release;
		};
		8B1A94D11F0397B900E18BB7 /* Debug */ = {
			isa = XCBuildConfiguration;
			baseConfigurationReference = DEFEB05092ADAB09FF940464 /* Pods-FretX.debug.xcconfig */;
			buildSettings = {
				ASSETCATALOG_COMPILER_APPICON_NAME = AppIcon;
				DEVELOPMENT_TEAM = FWWN2RQ9Y2;
				FRAMEWORK_SEARCH_PATHS = (
					"$(inherited)",
					"$(PROJECT_DIR)/FretX",
					"$(PROJECT_DIR)/FretX/Framework",
					"$(PROJECT_DIR)",
				);
				INFOPLIST_FILE = FretX/Info.plist;
				IPHONEOS_DEPLOYMENT_TARGET = 9.0;
				LD_RUNPATH_SEARCH_PATHS = "$(inherited) @executable_path/Frameworks";
				PRODUCT_BUNDLE_IDENTIFIER = rocks.fretx.app;
				PRODUCT_NAME = "$(TARGET_NAME)";
				TARGETED_DEVICE_FAMILY = 1;
				VALID_ARCHS = "arm64 armv7 armv7s";
			};
			name = Debug;
		};
		8B1A94D21F0397B900E18BB7 /* Release */ = {
			isa = XCBuildConfiguration;
			baseConfigurationReference = 7C91B822DE9AABBA4E976CDB /* Pods-FretX.release.xcconfig */;
			buildSettings = {
				ASSETCATALOG_COMPILER_APPICON_NAME = AppIcon;
				DEVELOPMENT_TEAM = FWWN2RQ9Y2;
				FRAMEWORK_SEARCH_PATHS = (
					"$(inherited)",
					"$(PROJECT_DIR)/FretX",
					"$(PROJECT_DIR)/FretX/Framework",
					"$(PROJECT_DIR)",
				);
				INFOPLIST_FILE = FretX/Info.plist;
				IPHONEOS_DEPLOYMENT_TARGET = 9.0;
				LD_RUNPATH_SEARCH_PATHS = "$(inherited) @executable_path/Frameworks";
				PRODUCT_BUNDLE_IDENTIFIER = rocks.fretx.app;
				PRODUCT_NAME = "$(TARGET_NAME)";
				TARGETED_DEVICE_FAMILY = 1;
				VALID_ARCHS = "arm64 armv7 armv7s";
			};
			name = Release;
		};
/* End XCBuildConfiguration section */

/* Begin XCConfigurationList section */
		8B1A94B41F0397B800E18BB7 /* Build configuration list for PBXProject "FretX" */ = {
			isa = XCConfigurationList;
			buildConfigurations = (
				8B1A94CE1F0397B900E18BB7 /* Debug */,
				8B1A94CF1F0397B900E18BB7 /* Release */,
			);
			defaultConfigurationIsVisible = 0;
			defaultConfigurationName = Release;
		};
		8B1A94D01F0397B900E18BB7 /* Build configuration list for PBXNativeTarget "FretX" */ = {
			isa = XCConfigurationList;
			buildConfigurations = (
				8B1A94D11F0397B900E18BB7 /* Debug */,
				8B1A94D21F0397B900E18BB7 /* Release */,
			);
			defaultConfigurationIsVisible = 0;
			defaultConfigurationName = Release;
		};
/* End XCConfigurationList section */
	};
	rootObject = 8B1A94B11F0397B800E18BB7 /* Project object */;
}
